// !$*UTF8*$!
{
	archiveVersion = 1;
	classes = {
	};
	objectVersion = 55;
	objects = {

/* Begin PBXBuildFile section */
		421D5C7B2829461800F5747C /* WebViewController.swift in Sources */ = {isa = PBXBuildFile; fileRef = 421D5C7A2829461800F5747C /* WebViewController.swift */; };
		421D5C7D282B65E500F5747C /* AddCalendarHeaderView.swift in Sources */ = {isa = PBXBuildFile; fileRef = 421D5C7C282B65E500F5747C /* AddCalendarHeaderView.swift */; };
		421D5C7F282B68C100F5747C /* AddCalendarHeaderView.xib in Resources */ = {isa = PBXBuildFile; fileRef = 421D5C7E282B68C100F5747C /* AddCalendarHeaderView.xib */; };
		421D5C82282B9DE600F5747C /* RightImageTableViewCell.swift in Sources */ = {isa = PBXBuildFile; fileRef = 421D5C80282B9DE600F5747C /* RightImageTableViewCell.swift */; };
		421D5C83282B9DE600F5747C /* RightImageTableViewCell.xib in Resources */ = {isa = PBXBuildFile; fileRef = 421D5C81282B9DE600F5747C /* RightImageTableViewCell.xib */; };
		421D5C86282B9E0700F5747C /* LeftImageTableViewCell.swift in Sources */ = {isa = PBXBuildFile; fileRef = 421D5C84282B9E0700F5747C /* LeftImageTableViewCell.swift */; };
		421D5C87282B9E0700F5747C /* LeftImageTableViewCell.xib in Resources */ = {isa = PBXBuildFile; fileRef = 421D5C85282B9E0700F5747C /* LeftImageTableViewCell.xib */; };
		4226EFD328311D2200D07F3E /* FollwerFollowingListViewController.swift in Sources */ = {isa = PBXBuildFile; fileRef = 4226EFD228311D2200D07F3E /* FollwerFollowingListViewController.swift */; };
		4235C5C0281BD2A600DEF3E6 /* NoteHeader.swift in Sources */ = {isa = PBXBuildFile; fileRef = 4235C5BF281BD2A600DEF3E6 /* NoteHeader.swift */; };
		4235C5C3281D388C00DEF3E6 /* PersonalGroupTableViewCell.swift in Sources */ = {isa = PBXBuildFile; fileRef = 4235C5C1281D388C00DEF3E6 /* PersonalGroupTableViewCell.swift */; };
		42383E0328237474005CF4B4 /* ImageViewerViewController.swift in Sources */ = {isa = PBXBuildFile; fileRef = 42383E0228237474005CF4B4 /* ImageViewerViewController.swift */; };
		42383E0628255D06005CF4B4 /* JGProgressHUDWrapper.swift in Sources */ = {isa = PBXBuildFile; fileRef = 42383E0528255D06005CF4B4 /* JGProgressHUDWrapper.swift */; };
		42383E0A28280B14005CF4B4 /* DeleteAccountTableViewCell.swift in Sources */ = {isa = PBXBuildFile; fileRef = 42383E0928280B14005CF4B4 /* DeleteAccountTableViewCell.swift */; };
		423A1252281246340075B34F /* NotesDetail.storyboard in Resources */ = {isa = PBXBuildFile; fileRef = 423A1251281246340075B34F /* NotesDetail.storyboard */; };
		423A125428125B6F0075B34F /* TitleHeaderView.swift in Sources */ = {isa = PBXBuildFile; fileRef = 423A125328125B6F0075B34F /* TitleHeaderView.swift */; };
		423A125628125DA30075B34F /* NoteCarouselCollectionViewCell.swift in Sources */ = {isa = PBXBuildFile; fileRef = 423A125528125DA30075B34F /* NoteCarouselCollectionViewCell.swift */; };
		423A12582812AAC20075B34F /* NoteTitleCollectionViewCell.swift in Sources */ = {isa = PBXBuildFile; fileRef = 423A12572812AAC20075B34F /* NoteTitleCollectionViewCell.swift */; };
		423A125A2812AB130075B34F /* NoteContentCollectionViewCell.swift in Sources */ = {isa = PBXBuildFile; fileRef = 423A12592812AB130075B34F /* NoteContentCollectionViewCell.swift */; };
		423A125C281318A10075B34F /* NoteCommentCollectionViewCell.swift in Sources */ = {isa = PBXBuildFile; fileRef = 423A125B281318A10075B34F /* NoteCommentCollectionViewCell.swift */; };
		423A126028131EF20075B34F /* NoteCommentCollectionViewCell.xib in Resources */ = {isa = PBXBuildFile; fileRef = 423A125F28131EF20075B34F /* NoteCommentCollectionViewCell.xib */; };
		423A126428132CEA0075B34F /* NoteTitleCollectionViewCell.xib in Resources */ = {isa = PBXBuildFile; fileRef = 423A126328132CEA0075B34F /* NoteTitleCollectionViewCell.xib */; };
		423A12692813F1620075B34F /* GroupDetailViewController.swift in Sources */ = {isa = PBXBuildFile; fileRef = 423A12682813F1620075B34F /* GroupDetailViewController.swift */; };
		423A126B2813F17D0075B34F /* GroupDetail.storyboard in Resources */ = {isa = PBXBuildFile; fileRef = 423A126A2813F17D0075B34F /* GroupDetail.storyboard */; };
		423A12702813F30F0075B34F /* GroupCoverCollectionViewCell.swift in Sources */ = {isa = PBXBuildFile; fileRef = 423A126F2813F30F0075B34F /* GroupCoverCollectionViewCell.swift */; };
		423A12732813F32A0075B34F /* GroupTitleCollectionViewCell.swift in Sources */ = {isa = PBXBuildFile; fileRef = 423A12712813F32A0075B34F /* GroupTitleCollectionViewCell.swift */; };
		423A12742813F32A0075B34F /* GroupTitleCollectionViewCell.xib in Resources */ = {isa = PBXBuildFile; fileRef = 423A12722813F32A0075B34F /* GroupTitleCollectionViewCell.xib */; };
		423A127A2813F37F0075B34F /* GroupCalendarCollectionViewCell.swift in Sources */ = {isa = PBXBuildFile; fileRef = 423A12782813F37F0075B34F /* GroupCalendarCollectionViewCell.swift */; };
		423A127B2813F37F0075B34F /* GroupCalendarCollectionViewCell.xib in Resources */ = {isa = PBXBuildFile; fileRef = 423A12792813F37F0075B34F /* GroupCalendarCollectionViewCell.xib */; };
		423A127D2813F3A40075B34F /* GroupContentCollectionViewCell.swift in Sources */ = {isa = PBXBuildFile; fileRef = 423A127C2813F3A40075B34F /* GroupContentCollectionViewCell.swift */; };
		42405B0D2815A05F00A12777 /* ProfileViewController.swift in Sources */ = {isa = PBXBuildFile; fileRef = 42405B0C2815A05F00A12777 /* ProfileViewController.swift */; };
		42405B0F2815A07500A12777 /* Profile.storyboard in Resources */ = {isa = PBXBuildFile; fileRef = 42405B0E2815A07500A12777 /* Profile.storyboard */; };
		42405B152815A13800A12777 /* PersonalNoteTableViewCell.swift in Sources */ = {isa = PBXBuildFile; fileRef = 42405B132815A13800A12777 /* PersonalNoteTableViewCell.swift */; };
		42405B162815A13800A12777 /* PersonalNoteTableViewCell.xib in Resources */ = {isa = PBXBuildFile; fileRef = 42405B142815A13800A12777 /* PersonalNoteTableViewCell.xib */; };
		42405B1828166F0B00A12777 /* GroupMapViewController.swift in Sources */ = {isa = PBXBuildFile; fileRef = 42405B1728166F0B00A12777 /* GroupMapViewController.swift */; };
		42405B1A2816BA5C00A12777 /* Annotation.swift in Sources */ = {isa = PBXBuildFile; fileRef = 42405B192816BA5B00A12777 /* Annotation.swift */; };
		42405B1F2816D53200A12777 /* CafeManager.swift in Sources */ = {isa = PBXBuildFile; fileRef = 42405B1E2816D53200A12777 /* CafeManager.swift */; };
		42405B212816D57E00A12777 /* CafeDataModel.swift in Sources */ = {isa = PBXBuildFile; fileRef = 42405B202816D57E00A12777 /* CafeDataModel.swift */; };
		42405B232816DCEA00A12777 /* CafeMapViewController.swift in Sources */ = {isa = PBXBuildFile; fileRef = 42405B222816DCEA00A12777 /* CafeMapViewController.swift */; };
		42405B252817873D00A12777 /* LoginViewController.swift in Sources */ = {isa = PBXBuildFile; fileRef = 42405B242817873D00A12777 /* LoginViewController.swift */; };
		4246EBD728222CF700C5D183 /* OtherProfileViewController.swift in Sources */ = {isa = PBXBuildFile; fileRef = 4246EBD628222CF700C5D183 /* OtherProfileViewController.swift */; };
		4246EBD92822835A00C5D183 /* UISegmentedControl.swift in Sources */ = {isa = PBXBuildFile; fileRef = 4246EBD82822835A00C5D183 /* UISegmentedControl.swift */; };
		4246EBDB2822A99100C5D183 /* BlockListViewController.swift in Sources */ = {isa = PBXBuildFile; fileRef = 4246EBDA2822A99100C5D183 /* BlockListViewController.swift */; };
		4246EBDE2822AA3C00C5D183 /* BlockListTableViewCell.swift in Sources */ = {isa = PBXBuildFile; fileRef = 4246EBDC2822AA3C00C5D183 /* BlockListTableViewCell.swift */; };
		42AD5C642814122000DA7990 /* EditNoteViewController.swift in Sources */ = {isa = PBXBuildFile; fileRef = 42AD5C632814122000DA7990 /* EditNoteViewController.swift */; };
		42B432C22822D4D100D158EC /* BlockListTableViewCell.xib in Resources */ = {isa = PBXBuildFile; fileRef = 42B432C12822D4D100D158EC /* BlockListTableViewCell.xib */; };
		42B7FA9D2817E48100E68DE6 /* Auth.storyboard in Resources */ = {isa = PBXBuildFile; fileRef = 42B7FA9C2817E48100E68DE6 /* Auth.storyboard */; };
		42B7FA9F2817E6DB00E68DE6 /* FirebaseManager.swift in Sources */ = {isa = PBXBuildFile; fileRef = 42B7FA9E2817E6DB00E68DE6 /* FirebaseManager.swift */; };
		42B7FAA12819664500E68DE6 /* AuthViewController.swift in Sources */ = {isa = PBXBuildFile; fileRef = 42B7FAA02819664500E68DE6 /* AuthViewController.swift */; };
		42D2C1FB281FF23E004CD0CC /* PersonalGroupTableViewCell.xib in Resources */ = {isa = PBXBuildFile; fileRef = 42D2C1FA281FF23E004CD0CC /* PersonalGroupTableViewCell.xib */; };
		42D2C1FD2820012D004CD0CC /* GroupHeader.swift in Sources */ = {isa = PBXBuildFile; fileRef = 42D2C1FC2820012D004CD0CC /* GroupHeader.swift */; };
		42D2C1FF2820197F004CD0CC /* UIColor+Extension.swift in Sources */ = {isa = PBXBuildFile; fileRef = 42D2C1FE2820197F004CD0CC /* UIColor+Extension.swift */; };
		42DD04C2280EF6A0007C4A9F /* ChatRoomListTableViewCell.xib in Resources */ = {isa = PBXBuildFile; fileRef = 42DD04C1280EF6A0007C4A9F /* ChatRoomListTableViewCell.xib */; };
		42DD04C5280F9E63007C4A9F /* ChatRoomManager.swift in Sources */ = {isa = PBXBuildFile; fileRef = 42DD04C4280F9E63007C4A9F /* ChatRoomManager.swift */; };
		42DD04C7280FA5DA007C4A9F /* ChatRoomDataModel.swift in Sources */ = {isa = PBXBuildFile; fileRef = 42DD04C6280FA5DA007C4A9F /* ChatRoomDataModel.swift */; };
		42DD04C9280FE414007C4A9F /* ChatRoomViewController.swift in Sources */ = {isa = PBXBuildFile; fileRef = 42DD04C8280FE414007C4A9F /* ChatRoomViewController.swift */; };
		42DD04CC280FE4B4007C4A9F /* LeftChatRoomTableViewCell.swift in Sources */ = {isa = PBXBuildFile; fileRef = 42DD04CA280FE4B4007C4A9F /* LeftChatRoomTableViewCell.swift */; };
		42DD04CD280FE4B4007C4A9F /* RightChatRoomTableViewCell.xib in Resources */ = {isa = PBXBuildFile; fileRef = 42DD04CB280FE4B4007C4A9F /* RightChatRoomTableViewCell.xib */; };
		42DD04D0280FF498007C4A9F /* RightChatRoomTableViewCell.swift in Sources */ = {isa = PBXBuildFile; fileRef = 42DD04CE280FF498007C4A9F /* RightChatRoomTableViewCell.swift */; };
		42DD04D1280FF498007C4A9F /* LeftChatRoomTableViewCell.xib in Resources */ = {isa = PBXBuildFile; fileRef = 42DD04CF280FF498007C4A9F /* LeftChatRoomTableViewCell.xib */; };
		42DD04D5281130A1007C4A9F /* NoteDetailViewController.swift in Sources */ = {isa = PBXBuildFile; fileRef = 42DD04D4281130A1007C4A9F /* NoteDetailViewController.swift */; };
		42DD04D728116F17007C4A9F /* 98431-loading-animation.json in Resources */ = {isa = PBXBuildFile; fileRef = 42DD04D628116F17007C4A9F /* 98431-loading-animation.json */; };
		42DD04D928116FED007C4A9F /* Animation.swift in Sources */ = {isa = PBXBuildFile; fileRef = 42DD04D828116FED007C4A9F /* Animation.swift */; };
		42DD04DC281175FC007C4A9F /* 97127-loading-icon.json in Resources */ = {isa = PBXBuildFile; fileRef = 42DD04DB281175FC007C4A9F /* 97127-loading-icon.json */; };
		42DD04DE281178E7007C4A9F /* 27938-upload-files .json in Resources */ = {isa = PBXBuildFile; fileRef = 42DD04DD281178E7007C4A9F /* 27938-upload-files .json */; };
		42DE585728005A7200D764F7 /* AppDelegate.swift in Sources */ = {isa = PBXBuildFile; fileRef = 42DE585628005A7200D764F7 /* AppDelegate.swift */; };
		42DE585928005A7200D764F7 /* SceneDelegate.swift in Sources */ = {isa = PBXBuildFile; fileRef = 42DE585828005A7200D764F7 /* SceneDelegate.swift */; };
		42DE585B28005A7200D764F7 /* TabBarViewController.swift in Sources */ = {isa = PBXBuildFile; fileRef = 42DE585A28005A7200D764F7 /* TabBarViewController.swift */; };
		42DE585E28005A7200D764F7 /* Main.storyboard in Resources */ = {isa = PBXBuildFile; fileRef = 42DE585C28005A7200D764F7 /* Main.storyboard */; };
		42DE586028005A7600D764F7 /* Assets.xcassets in Resources */ = {isa = PBXBuildFile; fileRef = 42DE585F28005A7600D764F7 /* Assets.xcassets */; };
		42DE586328005A7600D764F7 /* LaunchScreen.storyboard in Resources */ = {isa = PBXBuildFile; fileRef = 42DE586128005A7600D764F7 /* LaunchScreen.storyboard */; };
		42DE586B28006CF400D764F7 /* GoogleService-Info.plist in Resources */ = {isa = PBXBuildFile; fileRef = 42DE586A28006CF400D764F7 /* GoogleService-Info.plist */; };
		42DE58712801696800D764F7 /* DiscoverNotes.storyboard in Resources */ = {isa = PBXBuildFile; fileRef = 42DE58702801696800D764F7 /* DiscoverNotes.storyboard */; };
		42DE58752801783B00D764F7 /* UIStoryboard+Extension.swift in Sources */ = {isa = PBXBuildFile; fileRef = 42DE58742801783B00D764F7 /* UIStoryboard+Extension.swift */; };
		42DE587728017B1C00D764F7 /* DiscoverNotesViewController.swift in Sources */ = {isa = PBXBuildFile; fileRef = 42DE587628017B1C00D764F7 /* DiscoverNotesViewController.swift */; };
		42DE587A2801808600D764F7 /* DiscoverStudyGroups.storyboard in Resources */ = {isa = PBXBuildFile; fileRef = 42DE58792801808600D764F7 /* DiscoverStudyGroups.storyboard */; };
		42DE587D280180A200D764F7 /* DiscoverStudyGroupsViewController.swift in Sources */ = {isa = PBXBuildFile; fileRef = 42DE587C280180A200D764F7 /* DiscoverStudyGroupsViewController.swift */; };
		42E2B6552807E6AC00B51D9F /* AddPhotosTableViewCell.swift in Sources */ = {isa = PBXBuildFile; fileRef = 42E2B6532807E6AC00B51D9F /* AddPhotosTableViewCell.swift */; };
		42E2B6562807E6AC00B51D9F /* AddPhotosTableViewCell.xib in Resources */ = {isa = PBXBuildFile; fileRef = 42E2B6542807E6AC00B51D9F /* AddPhotosTableViewCell.xib */; };
		42E2B6582809179F00B51D9F /* DrawingViewController.swift in Sources */ = {isa = PBXBuildFile; fileRef = 42E2B6572809179F00B51D9F /* DrawingViewController.swift */; };
		42E2B65A280917B200B51D9F /* DrawingPad.storyboard in Resources */ = {isa = PBXBuildFile; fileRef = 42E2B659280917B200B51D9F /* DrawingPad.storyboard */; };
		42E2B65E28096BD200B51D9F /* SetUpPadViewController.swift in Sources */ = {isa = PBXBuildFile; fileRef = 42E2B65D28096BD200B51D9F /* SetUpPadViewController.swift */; };
		42E2B6602809735200B51D9F /* ColorOfPen.swift in Sources */ = {isa = PBXBuildFile; fileRef = 42E2B65F2809735200B51D9F /* ColorOfPen.swift */; };
		42E2B664280ACFB400B51D9F /* SearchContentViewController.swift in Sources */ = {isa = PBXBuildFile; fileRef = 42E2B662280ACFB400B51D9F /* SearchContentViewController.swift */; };
		42E2B667280AD37C00B51D9F /* SearchContent.storyboard in Resources */ = {isa = PBXBuildFile; fileRef = 42E2B666280AD37C00B51D9F /* SearchContent.storyboard */; };
		42E2B66A280C039E00B51D9F /* NoteResultTableViewCell.swift in Sources */ = {isa = PBXBuildFile; fileRef = 42E2B668280C039E00B51D9F /* NoteResultTableViewCell.swift */; };
		42E2B66B280C039E00B51D9F /* NoteResultTableViewCell.xib in Resources */ = {isa = PBXBuildFile; fileRef = 42E2B669280C039E00B51D9F /* NoteResultTableViewCell.xib */; };
		42E2B674280D666500B51D9F /* GroupsCollectionViewCell.swift in Sources */ = {isa = PBXBuildFile; fileRef = 42E2B672280D666500B51D9F /* GroupsCollectionViewCell.swift */; };
		42E2B675280D666500B51D9F /* GroupsCollectionViewCell.xib in Resources */ = {isa = PBXBuildFile; fileRef = 42E2B673280D666500B51D9F /* GroupsCollectionViewCell.xib */; };
		42E2B678280D7F9600B51D9F /* GroupManager.swift in Sources */ = {isa = PBXBuildFile; fileRef = 42E2B677280D7F9600B51D9F /* GroupManager.swift */; };
		42E2B67A280D7FA700B51D9F /* GroupDataModel.swift in Sources */ = {isa = PBXBuildFile; fileRef = 42E2B679280D7FA700B51D9F /* GroupDataModel.swift */; };
		42E2B67E280D95E400B51D9F /* AddGroupViewController.swift in Sources */ = {isa = PBXBuildFile; fileRef = 42E2B67D280D95E400B51D9F /* AddGroupViewController.swift */; };
		42E2B684280DA4BE00B51D9F /* AddCalendarTableViewCell.swift in Sources */ = {isa = PBXBuildFile; fileRef = 42E2B682280DA4BE00B51D9F /* AddCalendarTableViewCell.swift */; };
		42E2B685280DA4BE00B51D9F /* AddCalendarTableViewCell.xib in Resources */ = {isa = PBXBuildFile; fileRef = 42E2B683280DA4BE00B51D9F /* AddCalendarTableViewCell.xib */; };
		42E2B688280DA4E500B51D9F /* AddAddressTableViewCell.swift in Sources */ = {isa = PBXBuildFile; fileRef = 42E2B686280DA4E500B51D9F /* AddAddressTableViewCell.swift */; };
		42E2B689280DA4E500B51D9F /* AddAddressTableViewCell.xib in Resources */ = {isa = PBXBuildFile; fileRef = 42E2B687280DA4E500B51D9F /* AddAddressTableViewCell.xib */; };
		42E2B68C280EBBF700B51D9F /* SearchGroupsViewController.swift in Sources */ = {isa = PBXBuildFile; fileRef = 42E2B68B280EBBF700B51D9F /* SearchGroupsViewController.swift */; };
		42E2B68F280EBFA300B51D9F /* GroupResultTableViewCell.swift in Sources */ = {isa = PBXBuildFile; fileRef = 42E2B68D280EBFA300B51D9F /* GroupResultTableViewCell.swift */; };
		42E2B690280EBFA300B51D9F /* GroupResultTableViewCell.xib in Resources */ = {isa = PBXBuildFile; fileRef = 42E2B68E280EBFA300B51D9F /* GroupResultTableViewCell.xib */; };
		42E2B693280ED7C700B51D9F /* ChatRoomViewLobbyController.swift in Sources */ = {isa = PBXBuildFile; fileRef = 42E2B692280ED7C700B51D9F /* ChatRoomViewLobbyController.swift */; };
		42E2B695280ED7D400B51D9F /* ChatroomLobby.storyboard in Resources */ = {isa = PBXBuildFile; fileRef = 42E2B694280ED7D400B51D9F /* ChatroomLobby.storyboard */; };
		42E2B699280EEA6700B51D9F /* ChatRoomListTableViewCell.swift in Sources */ = {isa = PBXBuildFile; fileRef = 42E2B697280EEA6600B51D9F /* ChatRoomListTableViewCell.swift */; };
		42F9362B2802BBB70058EB07 /* NotesCollectionViewCell.swift in Sources */ = {isa = PBXBuildFile; fileRef = 42F936292802BBB70058EB07 /* NotesCollectionViewCell.swift */; };
		42F9362C2802BBB70058EB07 /* NotesCollectionViewCell.xib in Resources */ = {isa = PBXBuildFile; fileRef = 42F9362A2802BBB70058EB07 /* NotesCollectionViewCell.xib */; };
		42F9362F2803F5950058EB07 /* CategoryCollectionViewCell.swift in Sources */ = {isa = PBXBuildFile; fileRef = 42F9362D2803F5950058EB07 /* CategoryCollectionViewCell.swift */; };
		42F936302803F5950058EB07 /* CategoryCollectionViewCell.xib in Resources */ = {isa = PBXBuildFile; fileRef = 42F9362E2803F5950058EB07 /* CategoryCollectionViewCell.xib */; };
		42F93632280554170058EB07 /* NoteManager.swift in Sources */ = {isa = PBXBuildFile; fileRef = 42F93631280554170058EB07 /* NoteManager.swift */; };
		42F93634280554AA0058EB07 /* NoteDataModel.swift in Sources */ = {isa = PBXBuildFile; fileRef = 42F93633280554AA0058EB07 /* NoteDataModel.swift */; };
		42F93638280573A30058EB07 /* UserManager.swift in Sources */ = {isa = PBXBuildFile; fileRef = 42F93637280573A30058EB07 /* UserManager.swift */; };
		42F9363A280573E40058EB07 /* UserDataModel.swift in Sources */ = {isa = PBXBuildFile; fileRef = 42F93639280573E40058EB07 /* UserDataModel.swift */; };
		42F9363D28058BA20058EB07 /* AddContentViewController.swift in Sources */ = {isa = PBXBuildFile; fileRef = 42F9363C28058BA20058EB07 /* AddContentViewController.swift */; };
		42F9363F28058BEB0058EB07 /* AddContent.storyboard in Resources */ = {isa = PBXBuildFile; fileRef = 42F9363E28058BEB0058EB07 /* AddContent.storyboard */; };
		42F936432805B0000058EB07 /* AddTitleTableViewCell.swift in Sources */ = {isa = PBXBuildFile; fileRef = 42F936412805B0000058EB07 /* AddTitleTableViewCell.swift */; };
		42F936442805B0000058EB07 /* AddTitleTableViewCell.xib in Resources */ = {isa = PBXBuildFile; fileRef = 42F936422805B0000058EB07 /* AddTitleTableViewCell.xib */; };
		42F936462805B2AA0058EB07 /* UICollectionView+Extension.swift in Sources */ = {isa = PBXBuildFile; fileRef = 42F936452805B2AA0058EB07 /* UICollectionView+Extension.swift */; };
		42F936482805B44E0058EB07 /* UITableView+Extension.swift in Sources */ = {isa = PBXBuildFile; fileRef = 42F936472805B44E0058EB07 /* UITableView+Extension.swift */; };
		42F9364B28066F430058EB07 /* AddContentTableViewCell.swift in Sources */ = {isa = PBXBuildFile; fileRef = 42F9364928066F430058EB07 /* AddContentTableViewCell.swift */; };
		42F9364C28066F430058EB07 /* AddContentTableViewCell.xib in Resources */ = {isa = PBXBuildFile; fileRef = 42F9364A28066F430058EB07 /* AddContentTableViewCell.xib */; };
		42F93654280674E10058EB07 /* AddKeywordsTableViewCell.swift in Sources */ = {isa = PBXBuildFile; fileRef = 42F93652280674E10058EB07 /* AddKeywordsTableViewCell.swift */; };
		42F93655280674E10058EB07 /* AddKeywordsTableViewCell.xib in Resources */ = {isa = PBXBuildFile; fileRef = 42F93653280674E10058EB07 /* AddKeywordsTableViewCell.xib */; };
		42F936572806BE5D0058EB07 /* AddNoteViewController.swift in Sources */ = {isa = PBXBuildFile; fileRef = 42F936562806BE5D0058EB07 /* AddNoteViewController.swift */; };
		42F9365A2807B60F0058EB07 /* AddCoverTableViewCell.swift in Sources */ = {isa = PBXBuildFile; fileRef = 42F936582807B60F0058EB07 /* AddCoverTableViewCell.swift */; };
		42F9365B2807B60F0058EB07 /* AddCoverTableViewCell.xib in Resources */ = {isa = PBXBuildFile; fileRef = 42F936592807B60F0058EB07 /* AddCoverTableViewCell.xib */; };
		F5D103571B0B6068FB6E2E94 /* Pods_Project_2_AirNote.framework in Frameworks */ = {isa = PBXBuildFile; fileRef = 73E5ECB3854F742C38BDFD11 /* Pods_Project_2_AirNote.framework */; };
/* End PBXBuildFile section */

/* Begin PBXFileReference section */
		345158E05412BAAE03BAF997 /* Pods-Project 2 AirNote.debug.xcconfig */ = {isa = PBXFileReference; includeInIndex = 1; lastKnownFileType = text.xcconfig; name = "Pods-Project 2 AirNote.debug.xcconfig"; path = "Target Support Files/Pods-Project 2 AirNote/Pods-Project 2 AirNote.debug.xcconfig"; sourceTree = "<group>"; };
		421D5C7A2829461800F5747C /* WebViewController.swift */ = {isa = PBXFileReference; lastKnownFileType = sourcecode.swift; path = WebViewController.swift; sourceTree = "<group>"; };
		421D5C7C282B65E500F5747C /* AddCalendarHeaderView.swift */ = {isa = PBXFileReference; lastKnownFileType = sourcecode.swift; path = AddCalendarHeaderView.swift; sourceTree = "<group>"; };
		421D5C7E282B68C100F5747C /* AddCalendarHeaderView.xib */ = {isa = PBXFileReference; lastKnownFileType = file.xib; path = AddCalendarHeaderView.xib; sourceTree = "<group>"; };
		421D5C80282B9DE600F5747C /* RightImageTableViewCell.swift */ = {isa = PBXFileReference; lastKnownFileType = sourcecode.swift; path = RightImageTableViewCell.swift; sourceTree = "<group>"; };
		421D5C81282B9DE600F5747C /* RightImageTableViewCell.xib */ = {isa = PBXFileReference; lastKnownFileType = file.xib; path = RightImageTableViewCell.xib; sourceTree = "<group>"; };
		421D5C84282B9E0700F5747C /* LeftImageTableViewCell.swift */ = {isa = PBXFileReference; lastKnownFileType = sourcecode.swift; path = LeftImageTableViewCell.swift; sourceTree = "<group>"; };
		421D5C85282B9E0700F5747C /* LeftImageTableViewCell.xib */ = {isa = PBXFileReference; lastKnownFileType = file.xib; path = LeftImageTableViewCell.xib; sourceTree = "<group>"; };
		4226EFD228311D2200D07F3E /* FollwerFollowingListViewController.swift */ = {isa = PBXFileReference; lastKnownFileType = sourcecode.swift; path = FollwerFollowingListViewController.swift; sourceTree = "<group>"; };
		4235C5BF281BD2A600DEF3E6 /* NoteHeader.swift */ = {isa = PBXFileReference; lastKnownFileType = sourcecode.swift; path = NoteHeader.swift; sourceTree = "<group>"; };
		4235C5C1281D388C00DEF3E6 /* PersonalGroupTableViewCell.swift */ = {isa = PBXFileReference; lastKnownFileType = sourcecode.swift; path = PersonalGroupTableViewCell.swift; sourceTree = "<group>"; };
		42383E0228237474005CF4B4 /* ImageViewerViewController.swift */ = {isa = PBXFileReference; lastKnownFileType = sourcecode.swift; path = ImageViewerViewController.swift; sourceTree = "<group>"; };
		42383E0528255D06005CF4B4 /* JGProgressHUDWrapper.swift */ = {isa = PBXFileReference; lastKnownFileType = sourcecode.swift; path = JGProgressHUDWrapper.swift; sourceTree = "<group>"; };
		42383E0928280B14005CF4B4 /* DeleteAccountTableViewCell.swift */ = {isa = PBXFileReference; lastKnownFileType = sourcecode.swift; path = DeleteAccountTableViewCell.swift; sourceTree = "<group>"; };
		423A1251281246340075B34F /* NotesDetail.storyboard */ = {isa = PBXFileReference; lastKnownFileType = file.storyboard; path = NotesDetail.storyboard; sourceTree = "<group>"; };
		423A125328125B6F0075B34F /* TitleHeaderView.swift */ = {isa = PBXFileReference; fileEncoding = 4; lastKnownFileType = sourcecode.swift; path = TitleHeaderView.swift; sourceTree = "<group>"; };
		423A125528125DA30075B34F /* NoteCarouselCollectionViewCell.swift */ = {isa = PBXFileReference; lastKnownFileType = sourcecode.swift; path = NoteCarouselCollectionViewCell.swift; sourceTree = "<group>"; };
		423A12572812AAC20075B34F /* NoteTitleCollectionViewCell.swift */ = {isa = PBXFileReference; lastKnownFileType = sourcecode.swift; path = NoteTitleCollectionViewCell.swift; sourceTree = "<group>"; };
		423A12592812AB130075B34F /* NoteContentCollectionViewCell.swift */ = {isa = PBXFileReference; lastKnownFileType = sourcecode.swift; path = NoteContentCollectionViewCell.swift; sourceTree = "<group>"; };
		423A125B281318A10075B34F /* NoteCommentCollectionViewCell.swift */ = {isa = PBXFileReference; lastKnownFileType = sourcecode.swift; path = NoteCommentCollectionViewCell.swift; sourceTree = "<group>"; };
		423A125F28131EF20075B34F /* NoteCommentCollectionViewCell.xib */ = {isa = PBXFileReference; lastKnownFileType = file.xib; path = NoteCommentCollectionViewCell.xib; sourceTree = "<group>"; };
		423A126328132CEA0075B34F /* NoteTitleCollectionViewCell.xib */ = {isa = PBXFileReference; lastKnownFileType = file.xib; path = NoteTitleCollectionViewCell.xib; sourceTree = "<group>"; };
		423A12682813F1620075B34F /* GroupDetailViewController.swift */ = {isa = PBXFileReference; lastKnownFileType = sourcecode.swift; path = GroupDetailViewController.swift; sourceTree = "<group>"; };
		423A126A2813F17D0075B34F /* GroupDetail.storyboard */ = {isa = PBXFileReference; lastKnownFileType = file.storyboard; path = GroupDetail.storyboard; sourceTree = "<group>"; };
		423A126F2813F30F0075B34F /* GroupCoverCollectionViewCell.swift */ = {isa = PBXFileReference; lastKnownFileType = sourcecode.swift; path = GroupCoverCollectionViewCell.swift; sourceTree = "<group>"; };
		423A12712813F32A0075B34F /* GroupTitleCollectionViewCell.swift */ = {isa = PBXFileReference; lastKnownFileType = sourcecode.swift; path = GroupTitleCollectionViewCell.swift; sourceTree = "<group>"; };
		423A12722813F32A0075B34F /* GroupTitleCollectionViewCell.xib */ = {isa = PBXFileReference; lastKnownFileType = file.xib; path = GroupTitleCollectionViewCell.xib; sourceTree = "<group>"; };
		423A12782813F37F0075B34F /* GroupCalendarCollectionViewCell.swift */ = {isa = PBXFileReference; lastKnownFileType = sourcecode.swift; path = GroupCalendarCollectionViewCell.swift; sourceTree = "<group>"; };
		423A12792813F37F0075B34F /* GroupCalendarCollectionViewCell.xib */ = {isa = PBXFileReference; lastKnownFileType = file.xib; path = GroupCalendarCollectionViewCell.xib; sourceTree = "<group>"; };
		423A127C2813F3A40075B34F /* GroupContentCollectionViewCell.swift */ = {isa = PBXFileReference; lastKnownFileType = sourcecode.swift; path = GroupContentCollectionViewCell.swift; sourceTree = "<group>"; };
		42405B0C2815A05F00A12777 /* ProfileViewController.swift */ = {isa = PBXFileReference; lastKnownFileType = sourcecode.swift; path = ProfileViewController.swift; sourceTree = "<group>"; };
		42405B0E2815A07500A12777 /* Profile.storyboard */ = {isa = PBXFileReference; lastKnownFileType = file.storyboard; path = Profile.storyboard; sourceTree = "<group>"; };
		42405B132815A13800A12777 /* PersonalNoteTableViewCell.swift */ = {isa = PBXFileReference; lastKnownFileType = sourcecode.swift; path = PersonalNoteTableViewCell.swift; sourceTree = "<group>"; };
		42405B142815A13800A12777 /* PersonalNoteTableViewCell.xib */ = {isa = PBXFileReference; lastKnownFileType = file.xib; path = PersonalNoteTableViewCell.xib; sourceTree = "<group>"; };
		42405B1728166F0B00A12777 /* GroupMapViewController.swift */ = {isa = PBXFileReference; lastKnownFileType = sourcecode.swift; path = GroupMapViewController.swift; sourceTree = "<group>"; };
		42405B192816BA5B00A12777 /* Annotation.swift */ = {isa = PBXFileReference; lastKnownFileType = sourcecode.swift; path = Annotation.swift; sourceTree = "<group>"; };
		42405B1E2816D53200A12777 /* CafeManager.swift */ = {isa = PBXFileReference; lastKnownFileType = sourcecode.swift; path = CafeManager.swift; sourceTree = "<group>"; };
		42405B202816D57E00A12777 /* CafeDataModel.swift */ = {isa = PBXFileReference; lastKnownFileType = sourcecode.swift; path = CafeDataModel.swift; sourceTree = "<group>"; };
		42405B222816DCEA00A12777 /* CafeMapViewController.swift */ = {isa = PBXFileReference; lastKnownFileType = sourcecode.swift; path = CafeMapViewController.swift; sourceTree = "<group>"; };
		42405B242817873D00A12777 /* LoginViewController.swift */ = {isa = PBXFileReference; lastKnownFileType = sourcecode.swift; path = LoginViewController.swift; sourceTree = "<group>"; };
		42405B2628178BBB00A12777 /* Project 2 AirNote.entitlements */ = {isa = PBXFileReference; lastKnownFileType = text.plist.entitlements; path = "Project 2 AirNote.entitlements"; sourceTree = "<group>"; };
		4246EBD628222CF700C5D183 /* OtherProfileViewController.swift */ = {isa = PBXFileReference; lastKnownFileType = sourcecode.swift; path = OtherProfileViewController.swift; sourceTree = "<group>"; };
		4246EBD82822835A00C5D183 /* UISegmentedControl.swift */ = {isa = PBXFileReference; lastKnownFileType = sourcecode.swift; path = UISegmentedControl.swift; sourceTree = "<group>"; };
		4246EBDA2822A99100C5D183 /* BlockListViewController.swift */ = {isa = PBXFileReference; lastKnownFileType = sourcecode.swift; path = BlockListViewController.swift; sourceTree = "<group>"; };
		4246EBDC2822AA3C00C5D183 /* BlockListTableViewCell.swift */ = {isa = PBXFileReference; lastKnownFileType = sourcecode.swift; path = BlockListTableViewCell.swift; sourceTree = "<group>"; };
		42AD5C632814122000DA7990 /* EditNoteViewController.swift */ = {isa = PBXFileReference; lastKnownFileType = sourcecode.swift; path = EditNoteViewController.swift; sourceTree = "<group>"; };
		42B432C12822D4D100D158EC /* BlockListTableViewCell.xib */ = {isa = PBXFileReference; lastKnownFileType = file.xib; path = BlockListTableViewCell.xib; sourceTree = "<group>"; };
		42B7FA9C2817E48100E68DE6 /* Auth.storyboard */ = {isa = PBXFileReference; lastKnownFileType = file.storyboard; path = Auth.storyboard; sourceTree = "<group>"; };
		42B7FA9E2817E6DB00E68DE6 /* FirebaseManager.swift */ = {isa = PBXFileReference; lastKnownFileType = sourcecode.swift; path = FirebaseManager.swift; sourceTree = "<group>"; };
		42B7FAA02819664500E68DE6 /* AuthViewController.swift */ = {isa = PBXFileReference; lastKnownFileType = sourcecode.swift; path = AuthViewController.swift; sourceTree = "<group>"; };
		42D2C1FA281FF23E004CD0CC /* PersonalGroupTableViewCell.xib */ = {isa = PBXFileReference; fileEncoding = 4; lastKnownFileType = file.xib; name = PersonalGroupTableViewCell.xib; path = "../../../../Repository_EricChung/week3/Week 3 App/PersonalGroupTableViewCell.xib"; sourceTree = "<group>"; };
		42D2C1FC2820012D004CD0CC /* GroupHeader.swift */ = {isa = PBXFileReference; lastKnownFileType = sourcecode.swift; path = GroupHeader.swift; sourceTree = "<group>"; };
		42D2C1FE2820197F004CD0CC /* UIColor+Extension.swift */ = {isa = PBXFileReference; lastKnownFileType = sourcecode.swift; path = "UIColor+Extension.swift"; sourceTree = "<group>"; };
		42DD04C1280EF6A0007C4A9F /* ChatRoomListTableViewCell.xib */ = {isa = PBXFileReference; lastKnownFileType = file.xib; path = ChatRoomListTableViewCell.xib; sourceTree = "<group>"; };
		42DD04C4280F9E63007C4A9F /* ChatRoomManager.swift */ = {isa = PBXFileReference; lastKnownFileType = sourcecode.swift; path = ChatRoomManager.swift; sourceTree = "<group>"; };
		42DD04C6280FA5DA007C4A9F /* ChatRoomDataModel.swift */ = {isa = PBXFileReference; lastKnownFileType = sourcecode.swift; path = ChatRoomDataModel.swift; sourceTree = "<group>"; };
		42DD04C8280FE414007C4A9F /* ChatRoomViewController.swift */ = {isa = PBXFileReference; lastKnownFileType = sourcecode.swift; path = ChatRoomViewController.swift; sourceTree = "<group>"; };
		42DD04CA280FE4B4007C4A9F /* LeftChatRoomTableViewCell.swift */ = {isa = PBXFileReference; lastKnownFileType = sourcecode.swift; path = LeftChatRoomTableViewCell.swift; sourceTree = "<group>"; };
		42DD04CB280FE4B4007C4A9F /* RightChatRoomTableViewCell.xib */ = {isa = PBXFileReference; lastKnownFileType = file.xib; path = RightChatRoomTableViewCell.xib; sourceTree = "<group>"; };
		42DD04CE280FF498007C4A9F /* RightChatRoomTableViewCell.swift */ = {isa = PBXFileReference; lastKnownFileType = sourcecode.swift; path = RightChatRoomTableViewCell.swift; sourceTree = "<group>"; };
		42DD04CF280FF498007C4A9F /* LeftChatRoomTableViewCell.xib */ = {isa = PBXFileReference; lastKnownFileType = file.xib; path = LeftChatRoomTableViewCell.xib; sourceTree = "<group>"; };
		42DD04D4281130A1007C4A9F /* NoteDetailViewController.swift */ = {isa = PBXFileReference; lastKnownFileType = sourcecode.swift; path = NoteDetailViewController.swift; sourceTree = "<group>"; };
		42DD04D628116F17007C4A9F /* 98431-loading-animation.json */ = {isa = PBXFileReference; fileEncoding = 4; lastKnownFileType = text.json; path = "98431-loading-animation.json"; sourceTree = "<group>"; };
		42DD04D828116FED007C4A9F /* Animation.swift */ = {isa = PBXFileReference; lastKnownFileType = sourcecode.swift; path = Animation.swift; sourceTree = "<group>"; };
		42DD04DB281175FC007C4A9F /* 97127-loading-icon.json */ = {isa = PBXFileReference; fileEncoding = 4; lastKnownFileType = text.json; path = "97127-loading-icon.json"; sourceTree = "<group>"; };
		42DD04DD281178E7007C4A9F /* 27938-upload-files .json */ = {isa = PBXFileReference; fileEncoding = 4; lastKnownFileType = text.json; path = "27938-upload-files .json"; sourceTree = "<group>"; };
		42DE585328005A7200D764F7 /* AirNote.app */ = {isa = PBXFileReference; explicitFileType = wrapper.application; includeInIndex = 0; path = AirNote.app; sourceTree = BUILT_PRODUCTS_DIR; };
		42DE585628005A7200D764F7 /* AppDelegate.swift */ = {isa = PBXFileReference; lastKnownFileType = sourcecode.swift; path = AppDelegate.swift; sourceTree = "<group>"; };
		42DE585828005A7200D764F7 /* SceneDelegate.swift */ = {isa = PBXFileReference; lastKnownFileType = sourcecode.swift; path = SceneDelegate.swift; sourceTree = "<group>"; };
		42DE585A28005A7200D764F7 /* TabBarViewController.swift */ = {isa = PBXFileReference; lastKnownFileType = sourcecode.swift; path = TabBarViewController.swift; sourceTree = "<group>"; };
		42DE585D28005A7200D764F7 /* Base */ = {isa = PBXFileReference; lastKnownFileType = file.storyboard; name = Base; path = Base.lproj/Main.storyboard; sourceTree = "<group>"; };
		42DE585F28005A7600D764F7 /* Assets.xcassets */ = {isa = PBXFileReference; lastKnownFileType = folder.assetcatalog; path = Assets.xcassets; sourceTree = "<group>"; };
		42DE586228005A7600D764F7 /* Base */ = {isa = PBXFileReference; lastKnownFileType = file.storyboard; name = Base; path = Base.lproj/LaunchScreen.storyboard; sourceTree = "<group>"; };
		42DE586428005A7600D764F7 /* Info.plist */ = {isa = PBXFileReference; lastKnownFileType = text.plist.xml; path = Info.plist; sourceTree = "<group>"; };
		42DE586A28006CF400D764F7 /* GoogleService-Info.plist */ = {isa = PBXFileReference; fileEncoding = 4; lastKnownFileType = text.plist.xml; path = "GoogleService-Info.plist"; sourceTree = "<group>"; };
		42DE58702801696800D764F7 /* DiscoverNotes.storyboard */ = {isa = PBXFileReference; lastKnownFileType = file.storyboard; path = DiscoverNotes.storyboard; sourceTree = "<group>"; };
		42DE58742801783B00D764F7 /* UIStoryboard+Extension.swift */ = {isa = PBXFileReference; lastKnownFileType = sourcecode.swift; path = "UIStoryboard+Extension.swift"; sourceTree = "<group>"; };
		42DE587628017B1C00D764F7 /* DiscoverNotesViewController.swift */ = {isa = PBXFileReference; lastKnownFileType = sourcecode.swift; path = DiscoverNotesViewController.swift; sourceTree = "<group>"; };
		42DE58792801808600D764F7 /* DiscoverStudyGroups.storyboard */ = {isa = PBXFileReference; lastKnownFileType = file.storyboard; path = DiscoverStudyGroups.storyboard; sourceTree = "<group>"; };
		42DE587C280180A200D764F7 /* DiscoverStudyGroupsViewController.swift */ = {isa = PBXFileReference; lastKnownFileType = sourcecode.swift; path = DiscoverStudyGroupsViewController.swift; sourceTree = "<group>"; };
		42E2B6532807E6AC00B51D9F /* AddPhotosTableViewCell.swift */ = {isa = PBXFileReference; lastKnownFileType = sourcecode.swift; path = AddPhotosTableViewCell.swift; sourceTree = "<group>"; };
		42E2B6542807E6AC00B51D9F /* AddPhotosTableViewCell.xib */ = {isa = PBXFileReference; lastKnownFileType = file.xib; path = AddPhotosTableViewCell.xib; sourceTree = "<group>"; };
		42E2B6572809179F00B51D9F /* DrawingViewController.swift */ = {isa = PBXFileReference; lastKnownFileType = sourcecode.swift; path = DrawingViewController.swift; sourceTree = "<group>"; };
		42E2B659280917B200B51D9F /* DrawingPad.storyboard */ = {isa = PBXFileReference; lastKnownFileType = file.storyboard; path = DrawingPad.storyboard; sourceTree = "<group>"; };
		42E2B65D28096BD200B51D9F /* SetUpPadViewController.swift */ = {isa = PBXFileReference; lastKnownFileType = sourcecode.swift; path = SetUpPadViewController.swift; sourceTree = "<group>"; };
		42E2B65F2809735200B51D9F /* ColorOfPen.swift */ = {isa = PBXFileReference; lastKnownFileType = sourcecode.swift; path = ColorOfPen.swift; sourceTree = "<group>"; };
		42E2B662280ACFB400B51D9F /* SearchContentViewController.swift */ = {isa = PBXFileReference; lastKnownFileType = sourcecode.swift; path = SearchContentViewController.swift; sourceTree = "<group>"; };
		42E2B666280AD37C00B51D9F /* SearchContent.storyboard */ = {isa = PBXFileReference; lastKnownFileType = file.storyboard; path = SearchContent.storyboard; sourceTree = "<group>"; };
		42E2B668280C039E00B51D9F /* NoteResultTableViewCell.swift */ = {isa = PBXFileReference; lastKnownFileType = sourcecode.swift; path = NoteResultTableViewCell.swift; sourceTree = "<group>"; };
		42E2B669280C039E00B51D9F /* NoteResultTableViewCell.xib */ = {isa = PBXFileReference; lastKnownFileType = file.xib; path = NoteResultTableViewCell.xib; sourceTree = "<group>"; };
		42E2B672280D666500B51D9F /* GroupsCollectionViewCell.swift */ = {isa = PBXFileReference; lastKnownFileType = sourcecode.swift; path = GroupsCollectionViewCell.swift; sourceTree = "<group>"; };
		42E2B673280D666500B51D9F /* GroupsCollectionViewCell.xib */ = {isa = PBXFileReference; lastKnownFileType = file.xib; path = GroupsCollectionViewCell.xib; sourceTree = "<group>"; };
		42E2B677280D7F9600B51D9F /* GroupManager.swift */ = {isa = PBXFileReference; lastKnownFileType = sourcecode.swift; path = GroupManager.swift; sourceTree = "<group>"; };
		42E2B679280D7FA700B51D9F /* GroupDataModel.swift */ = {isa = PBXFileReference; lastKnownFileType = sourcecode.swift; path = GroupDataModel.swift; sourceTree = "<group>"; };
		42E2B67D280D95E400B51D9F /* AddGroupViewController.swift */ = {isa = PBXFileReference; lastKnownFileType = sourcecode.swift; path = AddGroupViewController.swift; sourceTree = "<group>"; };
		42E2B682280DA4BE00B51D9F /* AddCalendarTableViewCell.swift */ = {isa = PBXFileReference; lastKnownFileType = sourcecode.swift; path = AddCalendarTableViewCell.swift; sourceTree = "<group>"; };
		42E2B683280DA4BE00B51D9F /* AddCalendarTableViewCell.xib */ = {isa = PBXFileReference; lastKnownFileType = file.xib; path = AddCalendarTableViewCell.xib; sourceTree = "<group>"; };
		42E2B686280DA4E500B51D9F /* AddAddressTableViewCell.swift */ = {isa = PBXFileReference; lastKnownFileType = sourcecode.swift; path = AddAddressTableViewCell.swift; sourceTree = "<group>"; };
		42E2B687280DA4E500B51D9F /* AddAddressTableViewCell.xib */ = {isa = PBXFileReference; lastKnownFileType = file.xib; path = AddAddressTableViewCell.xib; sourceTree = "<group>"; };
		42E2B68B280EBBF700B51D9F /* SearchGroupsViewController.swift */ = {isa = PBXFileReference; lastKnownFileType = sourcecode.swift; path = SearchGroupsViewController.swift; sourceTree = "<group>"; };
		42E2B68D280EBFA300B51D9F /* GroupResultTableViewCell.swift */ = {isa = PBXFileReference; lastKnownFileType = sourcecode.swift; path = GroupResultTableViewCell.swift; sourceTree = "<group>"; };
		42E2B68E280EBFA300B51D9F /* GroupResultTableViewCell.xib */ = {isa = PBXFileReference; lastKnownFileType = file.xib; path = GroupResultTableViewCell.xib; sourceTree = "<group>"; };
		42E2B692280ED7C700B51D9F /* ChatRoomViewLobbyController.swift */ = {isa = PBXFileReference; lastKnownFileType = sourcecode.swift; path = ChatRoomViewLobbyController.swift; sourceTree = "<group>"; };
		42E2B694280ED7D400B51D9F /* ChatroomLobby.storyboard */ = {isa = PBXFileReference; lastKnownFileType = file.storyboard; path = ChatroomLobby.storyboard; sourceTree = "<group>"; };
		42E2B697280EEA6600B51D9F /* ChatRoomListTableViewCell.swift */ = {isa = PBXFileReference; lastKnownFileType = sourcecode.swift; path = ChatRoomListTableViewCell.swift; sourceTree = "<group>"; };
		42F936292802BBB70058EB07 /* NotesCollectionViewCell.swift */ = {isa = PBXFileReference; lastKnownFileType = sourcecode.swift; path = NotesCollectionViewCell.swift; sourceTree = "<group>"; };
		42F9362A2802BBB70058EB07 /* NotesCollectionViewCell.xib */ = {isa = PBXFileReference; lastKnownFileType = file.xib; path = NotesCollectionViewCell.xib; sourceTree = "<group>"; };
		42F9362D2803F5950058EB07 /* CategoryCollectionViewCell.swift */ = {isa = PBXFileReference; lastKnownFileType = sourcecode.swift; path = CategoryCollectionViewCell.swift; sourceTree = "<group>"; };
		42F9362E2803F5950058EB07 /* CategoryCollectionViewCell.xib */ = {isa = PBXFileReference; lastKnownFileType = file.xib; path = CategoryCollectionViewCell.xib; sourceTree = "<group>"; };
		42F93631280554170058EB07 /* NoteManager.swift */ = {isa = PBXFileReference; lastKnownFileType = sourcecode.swift; path = NoteManager.swift; sourceTree = "<group>"; };
		42F93633280554AA0058EB07 /* NoteDataModel.swift */ = {isa = PBXFileReference; lastKnownFileType = sourcecode.swift; path = NoteDataModel.swift; sourceTree = "<group>"; };
		42F93637280573A30058EB07 /* UserManager.swift */ = {isa = PBXFileReference; lastKnownFileType = sourcecode.swift; path = UserManager.swift; sourceTree = "<group>"; };
		42F93639280573E40058EB07 /* UserDataModel.swift */ = {isa = PBXFileReference; lastKnownFileType = sourcecode.swift; path = UserDataModel.swift; sourceTree = "<group>"; };
		42F9363C28058BA20058EB07 /* AddContentViewController.swift */ = {isa = PBXFileReference; lastKnownFileType = sourcecode.swift; path = AddContentViewController.swift; sourceTree = "<group>"; };
		42F9363E28058BEB0058EB07 /* AddContent.storyboard */ = {isa = PBXFileReference; lastKnownFileType = file.storyboard; path = AddContent.storyboard; sourceTree = "<group>"; };
		42F936412805B0000058EB07 /* AddTitleTableViewCell.swift */ = {isa = PBXFileReference; lastKnownFileType = sourcecode.swift; path = AddTitleTableViewCell.swift; sourceTree = "<group>"; };
		42F936422805B0000058EB07 /* AddTitleTableViewCell.xib */ = {isa = PBXFileReference; lastKnownFileType = file.xib; path = AddTitleTableViewCell.xib; sourceTree = "<group>"; };
		42F936452805B2AA0058EB07 /* UICollectionView+Extension.swift */ = {isa = PBXFileReference; lastKnownFileType = sourcecode.swift; path = "UICollectionView+Extension.swift"; sourceTree = "<group>"; };
		42F936472805B44E0058EB07 /* UITableView+Extension.swift */ = {isa = PBXFileReference; lastKnownFileType = sourcecode.swift; path = "UITableView+Extension.swift"; sourceTree = "<group>"; };
		42F9364928066F430058EB07 /* AddContentTableViewCell.swift */ = {isa = PBXFileReference; lastKnownFileType = sourcecode.swift; path = AddContentTableViewCell.swift; sourceTree = "<group>"; };
		42F9364A28066F430058EB07 /* AddContentTableViewCell.xib */ = {isa = PBXFileReference; lastKnownFileType = file.xib; path = AddContentTableViewCell.xib; sourceTree = "<group>"; };
		42F93652280674E10058EB07 /* AddKeywordsTableViewCell.swift */ = {isa = PBXFileReference; lastKnownFileType = sourcecode.swift; path = AddKeywordsTableViewCell.swift; sourceTree = "<group>"; };
		42F93653280674E10058EB07 /* AddKeywordsTableViewCell.xib */ = {isa = PBXFileReference; lastKnownFileType = file.xib; path = AddKeywordsTableViewCell.xib; sourceTree = "<group>"; };
		42F936562806BE5D0058EB07 /* AddNoteViewController.swift */ = {isa = PBXFileReference; lastKnownFileType = sourcecode.swift; path = AddNoteViewController.swift; sourceTree = "<group>"; };
		42F936582807B60F0058EB07 /* AddCoverTableViewCell.swift */ = {isa = PBXFileReference; lastKnownFileType = sourcecode.swift; path = AddCoverTableViewCell.swift; sourceTree = "<group>"; };
		42F936592807B60F0058EB07 /* AddCoverTableViewCell.xib */ = {isa = PBXFileReference; lastKnownFileType = file.xib; path = AddCoverTableViewCell.xib; sourceTree = "<group>"; };
		73E5ECB3854F742C38BDFD11 /* Pods_Project_2_AirNote.framework */ = {isa = PBXFileReference; explicitFileType = wrapper.framework; includeInIndex = 0; path = Pods_Project_2_AirNote.framework; sourceTree = BUILT_PRODUCTS_DIR; };
		ED980FE3A30D82DDD6B1C0C2 /* Pods-Project 2 AirNote.release.xcconfig */ = {isa = PBXFileReference; includeInIndex = 1; lastKnownFileType = text.xcconfig; name = "Pods-Project 2 AirNote.release.xcconfig"; path = "Target Support Files/Pods-Project 2 AirNote/Pods-Project 2 AirNote.release.xcconfig"; sourceTree = "<group>"; };
/* End PBXFileReference section */

/* Begin PBXFrameworksBuildPhase section */
		42DE585028005A7200D764F7 /* Frameworks */ = {
			isa = PBXFrameworksBuildPhase;
			buildActionMask = 2147483647;
			files = (
				F5D103571B0B6068FB6E2E94 /* Pods_Project_2_AirNote.framework in Frameworks */,
			);
			runOnlyForDeploymentPostprocessing = 0;
		};
/* End PBXFrameworksBuildPhase section */

/* Begin PBXGroup section */
		174931A29B62A1A1E9066F0A /* Pods */ = {
			isa = PBXGroup;
			children = (
				345158E05412BAAE03BAF997 /* Pods-Project 2 AirNote.debug.xcconfig */,
				ED980FE3A30D82DDD6B1C0C2 /* Pods-Project 2 AirNote.release.xcconfig */,
			);
			path = Pods;
			sourceTree = "<group>";
		};
		42383E0428255CC7005CF4B4 /* Third Party Wrapper */ = {
			isa = PBXGroup;
			children = (
				42383E0528255D06005CF4B4 /* JGProgressHUDWrapper.swift */,
			);
			path = "Third Party Wrapper";
			sourceTree = "<group>";
		};
		423A12672813F1390075B34F /* GroupDetail */ = {
			isa = PBXGroup;
			children = (
				423A12682813F1620075B34F /* GroupDetailViewController.swift */,
			);
			path = GroupDetail;
			sourceTree = "<group>";
		};
		423A126C2813F2120075B34F /* GroupDetail */ = {
			isa = PBXGroup;
			children = (
				423A126F2813F30F0075B34F /* GroupCoverCollectionViewCell.swift */,
				423A12712813F32A0075B34F /* GroupTitleCollectionViewCell.swift */,
				423A12722813F32A0075B34F /* GroupTitleCollectionViewCell.xib */,
				423A127C2813F3A40075B34F /* GroupContentCollectionViewCell.swift */,
				423A12782813F37F0075B34F /* GroupCalendarCollectionViewCell.swift */,
				423A12792813F37F0075B34F /* GroupCalendarCollectionViewCell.xib */,
			);
			path = GroupDetail;
			sourceTree = "<group>";
		};
		42405B0B2815A04500A12777 /* Profile */ = {
			isa = PBXGroup;
			children = (
				42405B0C2815A05F00A12777 /* ProfileViewController.swift */,
				4246EBDA2822A99100C5D183 /* BlockListViewController.swift */,
				4246EBD628222CF700C5D183 /* OtherProfileViewController.swift */,
				4226EFD228311D2200D07F3E /* FollwerFollowingListViewController.swift */,
			);
			path = Profile;
			sourceTree = "<group>";
		};
		42405B122815A0EF00A12777 /* Profile */ = {
			isa = PBXGroup;
			children = (
				4235C5BF281BD2A600DEF3E6 /* NoteHeader.swift */,
				42D2C1FC2820012D004CD0CC /* GroupHeader.swift */,
				42405B132815A13800A12777 /* PersonalNoteTableViewCell.swift */,
				42405B142815A13800A12777 /* PersonalNoteTableViewCell.xib */,
				4235C5C1281D388C00DEF3E6 /* PersonalGroupTableViewCell.swift */,
				42D2C1FA281FF23E004CD0CC /* PersonalGroupTableViewCell.xib */,
				4246EBDC2822AA3C00C5D183 /* BlockListTableViewCell.swift */,
				42B432C12822D4D100D158EC /* BlockListTableViewCell.xib */,
				42383E0928280B14005CF4B4 /* DeleteAccountTableViewCell.swift */,
			);
			path = Profile;
			sourceTree = "<group>";
		};
		42405B1D2816D3E200A12777 /* Cafe */ = {
			isa = PBXGroup;
			children = (
				42405B1E2816D53200A12777 /* CafeManager.swift */,
				42405B202816D57E00A12777 /* CafeDataModel.swift */,
			);
			name = Cafe;
			sourceTree = "<group>";
		};
		42DD04C3280F9E16007C4A9F /* ChatRooms */ = {
			isa = PBXGroup;
			children = (
				42DD04C4280F9E63007C4A9F /* ChatRoomManager.swift */,
				42DD04C6280FA5DA007C4A9F /* ChatRoomDataModel.swift */,
			);
			path = ChatRooms;
			sourceTree = "<group>";
		};
		42DD04D228112FDA007C4A9F /* NoteDetail */ = {
			isa = PBXGroup;
			children = (
				423A125328125B6F0075B34F /* TitleHeaderView.swift */,
				423A125528125DA30075B34F /* NoteCarouselCollectionViewCell.swift */,
				423A12572812AAC20075B34F /* NoteTitleCollectionViewCell.swift */,
				423A126328132CEA0075B34F /* NoteTitleCollectionViewCell.xib */,
				423A12592812AB130075B34F /* NoteContentCollectionViewCell.swift */,
				423A125B281318A10075B34F /* NoteCommentCollectionViewCell.swift */,
				423A125F28131EF20075B34F /* NoteCommentCollectionViewCell.xib */,
			);
			path = NoteDetail;
			sourceTree = "<group>";
		};
		42DD04D328112FF3007C4A9F /* NoteDetail */ = {
			isa = PBXGroup;
			children = (
				42DD04D4281130A1007C4A9F /* NoteDetailViewController.swift */,
				42AD5C632814122000DA7990 /* EditNoteViewController.swift */,
			);
			path = NoteDetail;
			sourceTree = "<group>";
		};
		42DD04DA281175E9007C4A9F /* Animation */ = {
			isa = PBXGroup;
			children = (
				42DD04D628116F17007C4A9F /* 98431-loading-animation.json */,
				42DD04DB281175FC007C4A9F /* 97127-loading-icon.json */,
				42DD04DD281178E7007C4A9F /* 27938-upload-files .json */,
			);
			path = Animation;
			sourceTree = "<group>";
		};
		42DE584A28005A7200D764F7 = {
			isa = PBXGroup;
			children = (
				42DE585528005A7200D764F7 /* Project 2 AirNote */,
				42DE585428005A7200D764F7 /* Products */,
				174931A29B62A1A1E9066F0A /* Pods */,
				489FDFB4AFF8981481B9B72D /* Frameworks */,
			);
			sourceTree = "<group>";
		};
		42DE585428005A7200D764F7 /* Products */ = {
			isa = PBXGroup;
			children = (
				42DE585328005A7200D764F7 /* AirNote.app */,
			);
			name = Products;
			sourceTree = "<group>";
		};
		42DE585528005A7200D764F7 /* Project 2 AirNote */ = {
			isa = PBXGroup;
			children = (
				42405B2628178BBB00A12777 /* Project 2 AirNote.entitlements */,
				42383E0428255CC7005CF4B4 /* Third Party Wrapper */,
				42DE586F280164B000D764F7 /* Resource */,
				42DE58732801781700D764F7 /* Extension */,
				42DE586D2801642F00D764F7 /* Model */,
				42DE586E2801644000D764F7 /* Controller */,
				42DE586C2801641C00D764F7 /* View */,
				42DE585828005A7200D764F7 /* SceneDelegate.swift */,
				42DE585628005A7200D764F7 /* AppDelegate.swift */,
				42DE586428005A7600D764F7 /* Info.plist */,
				42DE586A28006CF400D764F7 /* GoogleService-Info.plist */,
			);
			path = "Project 2 AirNote";
			sourceTree = "<group>";
		};
		42DE586C2801641C00D764F7 /* View */ = {
			isa = PBXGroup;
			children = (
				42F936282802BB850058EB07 /* DiscoverNotes */,
				42E2B66D280CFC6D00B51D9F /* DiscoverGroups */,
				42E2B66C280C03A600B51D9F /* SearchContent */,
				42F936402805AFB60058EB07 /* AddContent */,
				42E2B696280EE97400B51D9F /* Chatroom */,
				42DD04D228112FDA007C4A9F /* NoteDetail */,
				423A126C2813F2120075B34F /* GroupDetail */,
				42405B122815A0EF00A12777 /* Profile */,
				42DE58702801696800D764F7 /* DiscoverNotes.storyboard */,
				423A1251281246340075B34F /* NotesDetail.storyboard */,
				42DE58792801808600D764F7 /* DiscoverStudyGroups.storyboard */,
				423A126A2813F17D0075B34F /* GroupDetail.storyboard */,
				42E2B666280AD37C00B51D9F /* SearchContent.storyboard */,
				42E2B694280ED7D400B51D9F /* ChatroomLobby.storyboard */,
				42F9363E28058BEB0058EB07 /* AddContent.storyboard */,
				42E2B659280917B200B51D9F /* DrawingPad.storyboard */,
				42405B0E2815A07500A12777 /* Profile.storyboard */,
				42DE585C28005A7200D764F7 /* Main.storyboard */,
				42B7FA9C2817E48100E68DE6 /* Auth.storyboard */,
				42DE586128005A7600D764F7 /* LaunchScreen.storyboard */,
			);
			path = View;
			sourceTree = "<group>";
		};
		42DE586D2801642F00D764F7 /* Model */ = {
			isa = PBXGroup;
			children = (
				42F93635280554B30058EB07 /* Notes */,
				42E2B676280D6D0900B51D9F /* Groups */,
				42405B1D2816D3E200A12777 /* Cafe */,
				42DD04C3280F9E16007C4A9F /* ChatRooms */,
				42F936362805737E0058EB07 /* Users */,
				42E2B6612809736300B51D9F /* ColorOfPen */,
			);
			path = Model;
			sourceTree = "<group>";
		};
		42DE586E2801644000D764F7 /* Controller */ = {
			isa = PBXGroup;
			children = (
				42DE58722801772C00D764F7 /* Base */,
				42DE587828017FAD00D764F7 /* DiscoverNotes */,
				42DE587B2801809100D764F7 /* DiscoverStudyGroups */,
				42F9363B28058B6E0058EB07 /* Add Content */,
				42E2B66F280D034F00B51D9F /* ChatRoom */,
				42DD04D328112FF3007C4A9F /* NoteDetail */,
				423A12672813F1390075B34F /* GroupDetail */,
				42405B0B2815A04500A12777 /* Profile */,
			);
			path = Controller;
			sourceTree = "<group>";
		};
		42DE586F280164B000D764F7 /* Resource */ = {
			isa = PBXGroup;
			children = (
				42DD04DA281175E9007C4A9F /* Animation */,
				42DE585F28005A7600D764F7 /* Assets.xcassets */,
			);
			name = Resource;
			path = ..;
			sourceTree = "<group>";
		};
		42DE58722801772C00D764F7 /* Base */ = {
			isa = PBXGroup;
			children = (
				42405B242817873D00A12777 /* LoginViewController.swift */,
				421D5C7A2829461800F5747C /* WebViewController.swift */,
				42DE585A28005A7200D764F7 /* TabBarViewController.swift */,
				42B7FAA02819664500E68DE6 /* AuthViewController.swift */,
				42383E0228237474005CF4B4 /* ImageViewerViewController.swift */,
			);
			path = Base;
			sourceTree = "<group>";
		};
		42DE58732801781700D764F7 /* Extension */ = {
			isa = PBXGroup;
			children = (
				42DE58742801783B00D764F7 /* UIStoryboard+Extension.swift */,
				4246EBD82822835A00C5D183 /* UISegmentedControl.swift */,
				42F936452805B2AA0058EB07 /* UICollectionView+Extension.swift */,
				42F936472805B44E0058EB07 /* UITableView+Extension.swift */,
				42D2C1FE2820197F004CD0CC /* UIColor+Extension.swift */,
			);
			path = Extension;
			sourceTree = "<group>";
		};
		42DE587828017FAD00D764F7 /* DiscoverNotes */ = {
			isa = PBXGroup;
			children = (
				42DE587628017B1C00D764F7 /* DiscoverNotesViewController.swift */,
				42E2B662280ACFB400B51D9F /* SearchContentViewController.swift */,
			);
			path = DiscoverNotes;
			sourceTree = "<group>";
		};
		42DE587B2801809100D764F7 /* DiscoverStudyGroups */ = {
			isa = PBXGroup;
			children = (
				42DE587C280180A200D764F7 /* DiscoverStudyGroupsViewController.swift */,
				42E2B68B280EBBF700B51D9F /* SearchGroupsViewController.swift */,
				42405B1728166F0B00A12777 /* GroupMapViewController.swift */,
			);
			path = DiscoverStudyGroups;
			sourceTree = "<group>";
		};
		42E2B6612809736300B51D9F /* ColorOfPen */ = {
			isa = PBXGroup;
			children = (
				42E2B65F2809735200B51D9F /* ColorOfPen.swift */,
			);
			name = ColorOfPen;
			sourceTree = "<group>";
		};
		42E2B66C280C03A600B51D9F /* SearchContent */ = {
			isa = PBXGroup;
			children = (
				42E2B670280D039600B51D9F /* NoteResult */,
				42E2B671280D03E100B51D9F /* GroupResult */,
			);
			path = SearchContent;
			sourceTree = "<group>";
		};
		42E2B66D280CFC6D00B51D9F /* DiscoverGroups */ = {
			isa = PBXGroup;
			children = (
				42E2B672280D666500B51D9F /* GroupsCollectionViewCell.swift */,
				42E2B673280D666500B51D9F /* GroupsCollectionViewCell.xib */,
			);
			path = DiscoverGroups;
			sourceTree = "<group>";
		};
		42E2B66E280D032400B51D9F /* AddNote */ = {
			isa = PBXGroup;
			children = (
				42F936562806BE5D0058EB07 /* AddNoteViewController.swift */,
				42E2B6572809179F00B51D9F /* DrawingViewController.swift */,
				42E2B65D28096BD200B51D9F /* SetUpPadViewController.swift */,
			);
			name = AddNote;
			sourceTree = "<group>";
		};
		42E2B66F280D034F00B51D9F /* ChatRoom */ = {
			isa = PBXGroup;
			children = (
				42E2B692280ED7C700B51D9F /* ChatRoomViewLobbyController.swift */,
				42DD04C8280FE414007C4A9F /* ChatRoomViewController.swift */,
			);
			name = ChatRoom;
			path = ../..;
			sourceTree = "<group>";
		};
		42E2B670280D039600B51D9F /* NoteResult */ = {
			isa = PBXGroup;
			children = (
				42E2B668280C039E00B51D9F /* NoteResultTableViewCell.swift */,
				42E2B669280C039E00B51D9F /* NoteResultTableViewCell.xib */,
			);
			name = NoteResult;
			path = ../../..;
			sourceTree = "<group>";
		};
		42E2B671280D03E100B51D9F /* GroupResult */ = {
			isa = PBXGroup;
			children = (
				42E2B68D280EBFA300B51D9F /* GroupResultTableViewCell.swift */,
				42E2B68E280EBFA300B51D9F /* GroupResultTableViewCell.xib */,
			);
			name = GroupResult;
			path = ../../..;
			sourceTree = "<group>";
		};
		42E2B676280D6D0900B51D9F /* Groups */ = {
			isa = PBXGroup;
			children = (
				42E2B677280D7F9600B51D9F /* GroupManager.swift */,
				42E2B679280D7FA700B51D9F /* GroupDataModel.swift */,
				42405B192816BA5B00A12777 /* Annotation.swift */,
			);
			name = Groups;
			sourceTree = "<group>";
		};
		42E2B67F280DA3E000B51D9F /* Base */ = {
			isa = PBXGroup;
			children = (
				42F936412805B0000058EB07 /* AddTitleTableViewCell.swift */,
				42F936422805B0000058EB07 /* AddTitleTableViewCell.xib */,
				42F9364928066F430058EB07 /* AddContentTableViewCell.swift */,
				42F9364A28066F430058EB07 /* AddContentTableViewCell.xib */,
				42F93652280674E10058EB07 /* AddKeywordsTableViewCell.swift */,
				42F93653280674E10058EB07 /* AddKeywordsTableViewCell.xib */,
				42F936582807B60F0058EB07 /* AddCoverTableViewCell.swift */,
				42F936592807B60F0058EB07 /* AddCoverTableViewCell.xib */,
			);
			path = Base;
			sourceTree = "<group>";
		};
		42E2B680280DA3F400B51D9F /* AddNote */ = {
			isa = PBXGroup;
			children = (
				42E2B6532807E6AC00B51D9F /* AddPhotosTableViewCell.swift */,
				42E2B6542807E6AC00B51D9F /* AddPhotosTableViewCell.xib */,
				42DD04D828116FED007C4A9F /* Animation.swift */,
			);
			path = AddNote;
			sourceTree = "<group>";
		};
		42E2B681280DA41600B51D9F /* AddGroup */ = {
			isa = PBXGroup;
			children = (
				421D5C7C282B65E500F5747C /* AddCalendarHeaderView.swift */,
				421D5C7E282B68C100F5747C /* AddCalendarHeaderView.xib */,
				42E2B682280DA4BE00B51D9F /* AddCalendarTableViewCell.swift */,
				42E2B683280DA4BE00B51D9F /* AddCalendarTableViewCell.xib */,
				42E2B686280DA4E500B51D9F /* AddAddressTableViewCell.swift */,
				42E2B687280DA4E500B51D9F /* AddAddressTableViewCell.xib */,
			);
			name = AddGroup;
			path = ../../..;
			sourceTree = "<group>";
		};
		42E2B691280ED78500B51D9F /* AddGroup */ = {
			isa = PBXGroup;
			children = (
				42E2B67D280D95E400B51D9F /* AddGroupViewController.swift */,
				42405B222816DCEA00A12777 /* CafeMapViewController.swift */,
			);
			name = AddGroup;
			sourceTree = "<group>";
		};
		42E2B696280EE97400B51D9F /* Chatroom */ = {
			isa = PBXGroup;
			children = (
				42E2B697280EEA6600B51D9F /* ChatRoomListTableViewCell.swift */,
				42DD04C1280EF6A0007C4A9F /* ChatRoomListTableViewCell.xib */,
				42DD04CA280FE4B4007C4A9F /* LeftChatRoomTableViewCell.swift */,
				42DD04CF280FF498007C4A9F /* LeftChatRoomTableViewCell.xib */,
				421D5C84282B9E0700F5747C /* LeftImageTableViewCell.swift */,
				421D5C85282B9E0700F5747C /* LeftImageTableViewCell.xib */,
				42DD04CE280FF498007C4A9F /* RightChatRoomTableViewCell.swift */,
				42DD04CB280FE4B4007C4A9F /* RightChatRoomTableViewCell.xib */,
				421D5C80282B9DE600F5747C /* RightImageTableViewCell.swift */,
				421D5C81282B9DE600F5747C /* RightImageTableViewCell.xib */,
			);
			path = Chatroom;
			sourceTree = "<group>";
		};
		42F936282802BB850058EB07 /* DiscoverNotes */ = {
			isa = PBXGroup;
			children = (
				42F9362D2803F5950058EB07 /* CategoryCollectionViewCell.swift */,
				42F9362E2803F5950058EB07 /* CategoryCollectionViewCell.xib */,
				42F936292802BBB70058EB07 /* NotesCollectionViewCell.swift */,
				42F9362A2802BBB70058EB07 /* NotesCollectionViewCell.xib */,
			);
			path = DiscoverNotes;
			sourceTree = "<group>";
		};
		42F93635280554B30058EB07 /* Notes */ = {
			isa = PBXGroup;
			children = (
				42F93631280554170058EB07 /* NoteManager.swift */,
				42F93633280554AA0058EB07 /* NoteDataModel.swift */,
			);
			name = Notes;
			sourceTree = "<group>";
		};
		42F936362805737E0058EB07 /* Users */ = {
			isa = PBXGroup;
			children = (
				42F93637280573A30058EB07 /* UserManager.swift */,
				42F93639280573E40058EB07 /* UserDataModel.swift */,
				42B7FA9E2817E6DB00E68DE6 /* FirebaseManager.swift */,
			);
			name = Users;
			sourceTree = "<group>";
		};
		42F9363B28058B6E0058EB07 /* Add Content */ = {
			isa = PBXGroup;
			children = (
				42F9363C28058BA20058EB07 /* AddContentViewController.swift */,
				42E2B66E280D032400B51D9F /* AddNote */,
				42E2B691280ED78500B51D9F /* AddGroup */,
			);
			name = "Add Content";
			path = ../..;
			sourceTree = "<group>";
		};
		42F936402805AFB60058EB07 /* AddContent */ = {
			isa = PBXGroup;
			children = (
				42E2B67F280DA3E000B51D9F /* Base */,
				42E2B680280DA3F400B51D9F /* AddNote */,
				42E2B681280DA41600B51D9F /* AddGroup */,
			);
			path = AddContent;
			sourceTree = "<group>";
		};
		489FDFB4AFF8981481B9B72D /* Frameworks */ = {
			isa = PBXGroup;
			children = (
				73E5ECB3854F742C38BDFD11 /* Pods_Project_2_AirNote.framework */,
			);
			name = Frameworks;
			sourceTree = "<group>";
		};
/* End PBXGroup section */

/* Begin PBXNativeTarget section */
		42DE585228005A7200D764F7 /* Project 2 AirNote */ = {
			isa = PBXNativeTarget;
			buildConfigurationList = 42DE586728005A7600D764F7 /* Build configuration list for PBXNativeTarget "Project 2 AirNote" */;
			buildPhases = (
				76A97E03F5BE181010DE8695 /* [CP] Check Pods Manifest.lock */,
				42DE584F28005A7200D764F7 /* Sources */,
				42DE585028005A7200D764F7 /* Frameworks */,
				42DE585128005A7200D764F7 /* Resources */,
				B6714534911FD7B79A819894 /* [CP] Embed Pods Frameworks */,
				42DE587E2801954400D764F7 /* Run Script */,
				421D5C792828F07E00F5747C /* ShellScript */,
				0E069F430CA2F9D9DF048977 /* [CP] Copy Pods Resources */,
			);
			buildRules = (
			);
			dependencies = (
			);
			name = "Project 2 AirNote";
			productName = "Project 2 AirNote";
			productReference = 42DE585328005A7200D764F7 /* AirNote.app */;
			productType = "com.apple.product-type.application";
		};
/* End PBXNativeTarget section */

/* Begin PBXProject section */
		42DE584B28005A7200D764F7 /* Project object */ = {
			isa = PBXProject;
			attributes = {
				BuildIndependentTargetsInParallel = 1;
				LastSwiftUpdateCheck = 1330;
				LastUpgradeCheck = 1330;
				TargetAttributes = {
					42DE585228005A7200D764F7 = {
						CreatedOnToolsVersion = 13.3;
					};
				};
			};
			buildConfigurationList = 42DE584E28005A7200D764F7 /* Build configuration list for PBXProject "Project 2 AirNote" */;
			compatibilityVersion = "Xcode 13.0";
			developmentRegion = en;
			hasScannedForEncodings = 0;
			knownRegions = (
				en,
				Base,
			);
			mainGroup = 42DE584A28005A7200D764F7;
			productRefGroup = 42DE585428005A7200D764F7 /* Products */;
			projectDirPath = "";
			projectRoot = "";
			targets = (
				42DE585228005A7200D764F7 /* Project 2 AirNote */,
			);
		};
/* End PBXProject section */

/* Begin PBXResourcesBuildPhase section */
		42DE585128005A7200D764F7 /* Resources */ = {
			isa = PBXResourcesBuildPhase;
			buildActionMask = 2147483647;
			files = (
				423A127B2813F37F0075B34F /* GroupCalendarCollectionViewCell.xib in Resources */,
				42E2B685280DA4BE00B51D9F /* AddCalendarTableViewCell.xib in Resources */,
				42DD04DC281175FC007C4A9F /* 97127-loading-icon.json in Resources */,
				42DD04C2280EF6A0007C4A9F /* ChatRoomListTableViewCell.xib in Resources */,
				42E2B667280AD37C00B51D9F /* SearchContent.storyboard in Resources */,
				42F9362C2802BBB70058EB07 /* NotesCollectionViewCell.xib in Resources */,
				42DE586328005A7600D764F7 /* LaunchScreen.storyboard in Resources */,
				42F9364C28066F430058EB07 /* AddContentTableViewCell.xib in Resources */,
				42E2B675280D666500B51D9F /* GroupsCollectionViewCell.xib in Resources */,
				42E2B65A280917B200B51D9F /* DrawingPad.storyboard in Resources */,
				423A1252281246340075B34F /* NotesDetail.storyboard in Resources */,
				42DE587A2801808600D764F7 /* DiscoverStudyGroups.storyboard in Resources */,
				42405B0F2815A07500A12777 /* Profile.storyboard in Resources */,
				42DE586B28006CF400D764F7 /* GoogleService-Info.plist in Resources */,
				42DD04DE281178E7007C4A9F /* 27938-upload-files .json in Resources */,
				423A126B2813F17D0075B34F /* GroupDetail.storyboard in Resources */,
				42DD04CD280FE4B4007C4A9F /* RightChatRoomTableViewCell.xib in Resources */,
				42DD04D1280FF498007C4A9F /* LeftChatRoomTableViewCell.xib in Resources */,
				42F9363F28058BEB0058EB07 /* AddContent.storyboard in Resources */,
				42F936302803F5950058EB07 /* CategoryCollectionViewCell.xib in Resources */,
				421D5C87282B9E0700F5747C /* LeftImageTableViewCell.xib in Resources */,
				42E2B695280ED7D400B51D9F /* ChatroomLobby.storyboard in Resources */,
				42B7FA9D2817E48100E68DE6 /* Auth.storyboard in Resources */,
				42DE586028005A7600D764F7 /* Assets.xcassets in Resources */,
				42F936442805B0000058EB07 /* AddTitleTableViewCell.xib in Resources */,
				42F93655280674E10058EB07 /* AddKeywordsTableViewCell.xib in Resources */,
				42E2B689280DA4E500B51D9F /* AddAddressTableViewCell.xib in Resources */,
				42E2B66B280C039E00B51D9F /* NoteResultTableViewCell.xib in Resources */,
				42E2B6562807E6AC00B51D9F /* AddPhotosTableViewCell.xib in Resources */,
				42405B162815A13800A12777 /* PersonalNoteTableViewCell.xib in Resources */,
				421D5C83282B9DE600F5747C /* RightImageTableViewCell.xib in Resources */,
				423A12742813F32A0075B34F /* GroupTitleCollectionViewCell.xib in Resources */,
				42B432C22822D4D100D158EC /* BlockListTableViewCell.xib in Resources */,
				42F9365B2807B60F0058EB07 /* AddCoverTableViewCell.xib in Resources */,
				42DE585E28005A7200D764F7 /* Main.storyboard in Resources */,
				421D5C7F282B68C100F5747C /* AddCalendarHeaderView.xib in Resources */,
				42DD04D728116F17007C4A9F /* 98431-loading-animation.json in Resources */,
				42DE58712801696800D764F7 /* DiscoverNotes.storyboard in Resources */,
				423A126028131EF20075B34F /* NoteCommentCollectionViewCell.xib in Resources */,
				42D2C1FB281FF23E004CD0CC /* PersonalGroupTableViewCell.xib in Resources */,
				42E2B690280EBFA300B51D9F /* GroupResultTableViewCell.xib in Resources */,
				423A126428132CEA0075B34F /* NoteTitleCollectionViewCell.xib in Resources */,
			);
			runOnlyForDeploymentPostprocessing = 0;
		};
/* End PBXResourcesBuildPhase section */

/* Begin PBXShellScriptBuildPhase section */
		0E069F430CA2F9D9DF048977 /* [CP] Copy Pods Resources */ = {
			isa = PBXShellScriptBuildPhase;
			buildActionMask = 2147483647;
			files = (
			);
			inputFileListPaths = (
				"${PODS_ROOT}/Target Support Files/Pods-Project 2 AirNote/Pods-Project 2 AirNote-resources-${CONFIGURATION}-input-files.xcfilelist",
			);
			name = "[CP] Copy Pods Resources";
			outputFileListPaths = (
				"${PODS_ROOT}/Target Support Files/Pods-Project 2 AirNote/Pods-Project 2 AirNote-resources-${CONFIGURATION}-output-files.xcfilelist",
			);
			runOnlyForDeploymentPostprocessing = 0;
			shellPath = /bin/sh;
			shellScript = "\"${PODS_ROOT}/Target Support Files/Pods-Project 2 AirNote/Pods-Project 2 AirNote-resources.sh\"\n";
			showEnvVarsInLog = 0;
		};
		421D5C792828F07E00F5747C /* ShellScript */ = {
			isa = PBXShellScriptBuildPhase;
			buildActionMask = 8;
			files = (
			);
			inputFileListPaths = (
			);
			inputPaths = (
				"${DWARF_DSYM_FOLDER_PATH}/${DWARF_DSYM_FILE_NAME}/Contents/Resources/DWARF/${TARGET_NAME}",
				"$(SRCROOT)/$(BUILT_PRODUCTS_DIR)/$(INFOPLIST_PATH)",
			);
			outputFileListPaths = (
			);
			outputPaths = (
			);
			runOnlyForDeploymentPostprocessing = 1;
			shellPath = /bin/sh;
			shellScript = "\"${PODS_ROOT}/FirebaseCrashlytics/run\"\n";
		};
		42DE587E2801954400D764F7 /* Run Script */ = {
			isa = PBXShellScriptBuildPhase;
			buildActionMask = 12;
			files = (
			);
			inputFileListPaths = (
			);
			inputPaths = (
			);
			name = "Run Script";
			outputFileListPaths = (
			);
			outputPaths = (
			);
			runOnlyForDeploymentPostprocessing = 0;
			shellPath = /bin/sh;
			shellScript = "\"${PODS_ROOT}/SwiftLint/swiftlint\"\n";
		};
		76A97E03F5BE181010DE8695 /* [CP] Check Pods Manifest.lock */ = {
			isa = PBXShellScriptBuildPhase;
			buildActionMask = 2147483647;
			files = (
			);
			inputFileListPaths = (
			);
			inputPaths = (
				"${PODS_PODFILE_DIR_PATH}/Podfile.lock",
				"${PODS_ROOT}/Manifest.lock",
			);
			name = "[CP] Check Pods Manifest.lock";
			outputFileListPaths = (
			);
			outputPaths = (
				"$(DERIVED_FILE_DIR)/Pods-Project 2 AirNote-checkManifestLockResult.txt",
			);
			runOnlyForDeploymentPostprocessing = 0;
			shellPath = /bin/sh;
			shellScript = "diff \"${PODS_PODFILE_DIR_PATH}/Podfile.lock\" \"${PODS_ROOT}/Manifest.lock\" > /dev/null\nif [ $? != 0 ] ; then\n    # print error to STDERR\n    echo \"error: The sandbox is not in sync with the Podfile.lock. Run 'pod install' or update your CocoaPods installation.\" >&2\n    exit 1\nfi\n# This output is used by Xcode 'outputs' to avoid re-running this script phase.\necho \"SUCCESS\" > \"${SCRIPT_OUTPUT_FILE_0}\"\n";
			showEnvVarsInLog = 0;
		};
		B6714534911FD7B79A819894 /* [CP] Embed Pods Frameworks */ = {
			isa = PBXShellScriptBuildPhase;
			buildActionMask = 2147483647;
			files = (
			);
			inputFileListPaths = (
				"${PODS_ROOT}/Target Support Files/Pods-Project 2 AirNote/Pods-Project 2 AirNote-frameworks-${CONFIGURATION}-input-files.xcfilelist",
			);
			name = "[CP] Embed Pods Frameworks";
			outputFileListPaths = (
				"${PODS_ROOT}/Target Support Files/Pods-Project 2 AirNote/Pods-Project 2 AirNote-frameworks-${CONFIGURATION}-output-files.xcfilelist",
			);
			runOnlyForDeploymentPostprocessing = 0;
			shellPath = /bin/sh;
			shellScript = "\"${PODS_ROOT}/Target Support Files/Pods-Project 2 AirNote/Pods-Project 2 AirNote-frameworks.sh\"\n";
			showEnvVarsInLog = 0;
		};
/* End PBXShellScriptBuildPhase section */

/* Begin PBXSourcesBuildPhase section */
		42DE584F28005A7200D764F7 /* Sources */ = {
			isa = PBXSourcesBuildPhase;
			buildActionMask = 2147483647;
			files = (
				42F9362F2803F5950058EB07 /* CategoryCollectionViewCell.swift in Sources */,
				42D2C1FD2820012D004CD0CC /* GroupHeader.swift in Sources */,
				42DE587D280180A200D764F7 /* DiscoverStudyGroupsViewController.swift in Sources */,
				42DE587728017B1C00D764F7 /* DiscoverNotesViewController.swift in Sources */,
				42F936432805B0000058EB07 /* AddTitleTableViewCell.swift in Sources */,
				42383E0628255D06005CF4B4 /* JGProgressHUDWrapper.swift in Sources */,
				42B7FAA12819664500E68DE6 /* AuthViewController.swift in Sources */,
				42AD5C642814122000DA7990 /* EditNoteViewController.swift in Sources */,
				42F9362B2802BBB70058EB07 /* NotesCollectionViewCell.swift in Sources */,
				42DD04C9280FE414007C4A9F /* ChatRoomViewController.swift in Sources */,
				42DE585B28005A7200D764F7 /* TabBarViewController.swift in Sources */,
				42E2B66A280C039E00B51D9F /* NoteResultTableViewCell.swift in Sources */,
				42F936462805B2AA0058EB07 /* UICollectionView+Extension.swift in Sources */,
				42405B232816DCEA00A12777 /* CafeMapViewController.swift in Sources */,
				42F9364B28066F430058EB07 /* AddContentTableViewCell.swift in Sources */,
				42DD04D928116FED007C4A9F /* Animation.swift in Sources */,
				42E2B678280D7F9600B51D9F /* GroupManager.swift in Sources */,
				42DE585728005A7200D764F7 /* AppDelegate.swift in Sources */,
				42DE58752801783B00D764F7 /* UIStoryboard+Extension.swift in Sources */,
				421D5C7B2829461800F5747C /* WebViewController.swift in Sources */,
				423A12732813F32A0075B34F /* GroupTitleCollectionViewCell.swift in Sources */,
				423A125C281318A10075B34F /* NoteCommentCollectionViewCell.swift in Sources */,
				42405B0D2815A05F00A12777 /* ProfileViewController.swift in Sources */,
				42DD04D0280FF498007C4A9F /* RightChatRoomTableViewCell.swift in Sources */,
				42405B152815A13800A12777 /* PersonalNoteTableViewCell.swift in Sources */,
				42F93638280573A30058EB07 /* UserManager.swift in Sources */,
				421D5C82282B9DE600F5747C /* RightImageTableViewCell.swift in Sources */,
				42383E0A28280B14005CF4B4 /* DeleteAccountTableViewCell.swift in Sources */,
				42383E0328237474005CF4B4 /* ImageViewerViewController.swift in Sources */,
				42E2B67E280D95E400B51D9F /* AddGroupViewController.swift in Sources */,
				42E2B6602809735200B51D9F /* ColorOfPen.swift in Sources */,
				42DD04C5280F9E63007C4A9F /* ChatRoomManager.swift in Sources */,
				423A12702813F30F0075B34F /* GroupCoverCollectionViewCell.swift in Sources */,
				423A12582812AAC20075B34F /* NoteTitleCollectionViewCell.swift in Sources */,
				42E2B68C280EBBF700B51D9F /* SearchGroupsViewController.swift in Sources */,
				42F9363A280573E40058EB07 /* UserDataModel.swift in Sources */,
				42405B1828166F0B00A12777 /* GroupMapViewController.swift in Sources */,
				42F93634280554AA0058EB07 /* NoteDataModel.swift in Sources */,
				42E2B68F280EBFA300B51D9F /* GroupResultTableViewCell.swift in Sources */,
				42F93632280554170058EB07 /* NoteManager.swift in Sources */,
				42F936572806BE5D0058EB07 /* AddNoteViewController.swift in Sources */,
				42E2B688280DA4E500B51D9F /* AddAddressTableViewCell.swift in Sources */,
				42405B212816D57E00A12777 /* CafeDataModel.swift in Sources */,
				421D5C7D282B65E500F5747C /* AddCalendarHeaderView.swift in Sources */,
				42F9363D28058BA20058EB07 /* AddContentViewController.swift in Sources */,
				423A12692813F1620075B34F /* GroupDetailViewController.swift in Sources */,
				42405B1F2816D53200A12777 /* CafeManager.swift in Sources */,
				4235C5C0281BD2A600DEF3E6 /* NoteHeader.swift in Sources */,
				42DD04C7280FA5DA007C4A9F /* ChatRoomDataModel.swift in Sources */,
				42E2B693280ED7C700B51D9F /* ChatRoomViewLobbyController.swift in Sources */,
				42DE585928005A7200D764F7 /* SceneDelegate.swift in Sources */,
				423A125A2812AB130075B34F /* NoteContentCollectionViewCell.swift in Sources */,
				42DD04D5281130A1007C4A9F /* NoteDetailViewController.swift in Sources */,
				4235C5C3281D388C00DEF3E6 /* PersonalGroupTableViewCell.swift in Sources */,
				4246EBD92822835A00C5D183 /* UISegmentedControl.swift in Sources */,
				4246EBDE2822AA3C00C5D183 /* BlockListTableViewCell.swift in Sources */,
				42405B252817873D00A12777 /* LoginViewController.swift in Sources */,
				42E2B664280ACFB400B51D9F /* SearchContentViewController.swift in Sources */,
				4226EFD328311D2200D07F3E /* FollwerFollowingListViewController.swift in Sources */,
				423A127A2813F37F0075B34F /* GroupCalendarCollectionViewCell.swift in Sources */,
				42E2B699280EEA6700B51D9F /* ChatRoomListTableViewCell.swift in Sources */,
				423A125628125DA30075B34F /* NoteCarouselCollectionViewCell.swift in Sources */,
				42E2B67A280D7FA700B51D9F /* GroupDataModel.swift in Sources */,
				4246EBDB2822A99100C5D183 /* BlockListViewController.swift in Sources */,
				42E2B6582809179F00B51D9F /* DrawingViewController.swift in Sources */,
				42D2C1FF2820197F004CD0CC /* UIColor+Extension.swift in Sources */,
				42E2B674280D666500B51D9F /* GroupsCollectionViewCell.swift in Sources */,
				423A127D2813F3A40075B34F /* GroupContentCollectionViewCell.swift in Sources */,
				42E2B6552807E6AC00B51D9F /* AddPhotosTableViewCell.swift in Sources */,
				42E2B65E28096BD200B51D9F /* SetUpPadViewController.swift in Sources */,
				423A125428125B6F0075B34F /* TitleHeaderView.swift in Sources */,
				42405B1A2816BA5C00A12777 /* Annotation.swift in Sources */,
				42F9365A2807B60F0058EB07 /* AddCoverTableViewCell.swift in Sources */,
				42F936482805B44E0058EB07 /* UITableView+Extension.swift in Sources */,
				4246EBD728222CF700C5D183 /* OtherProfileViewController.swift in Sources */,
				42B7FA9F2817E6DB00E68DE6 /* FirebaseManager.swift in Sources */,
				421D5C86282B9E0700F5747C /* LeftImageTableViewCell.swift in Sources */,
				42F93654280674E10058EB07 /* AddKeywordsTableViewCell.swift in Sources */,
				42DD04CC280FE4B4007C4A9F /* LeftChatRoomTableViewCell.swift in Sources */,
				42E2B684280DA4BE00B51D9F /* AddCalendarTableViewCell.swift in Sources */,
			);
			runOnlyForDeploymentPostprocessing = 0;
		};
/* End PBXSourcesBuildPhase section */

/* Begin PBXVariantGroup section */
		42DE585C28005A7200D764F7 /* Main.storyboard */ = {
			isa = PBXVariantGroup;
			children = (
				42DE585D28005A7200D764F7 /* Base */,
			);
			name = Main.storyboard;
			sourceTree = "<group>";
		};
		42DE586128005A7600D764F7 /* LaunchScreen.storyboard */ = {
			isa = PBXVariantGroup;
			children = (
				42DE586228005A7600D764F7 /* Base */,
			);
			name = LaunchScreen.storyboard;
			sourceTree = "<group>";
		};
/* End PBXVariantGroup section */

/* Begin XCBuildConfiguration section */
		42DE586528005A7600D764F7 /* Debug */ = {
			isa = XCBuildConfiguration;
			buildSettings = {
				ALWAYS_SEARCH_USER_PATHS = NO;
				CLANG_ANALYZER_NONNULL = YES;
				CLANG_ANALYZER_NUMBER_OBJECT_CONVERSION = YES_AGGRESSIVE;
				CLANG_CXX_LANGUAGE_STANDARD = "gnu++17";
				CLANG_ENABLE_MODULES = YES;
				CLANG_ENABLE_OBJC_ARC = YES;
				CLANG_ENABLE_OBJC_WEAK = YES;
				CLANG_WARN_BLOCK_CAPTURE_AUTORELEASING = YES;
				CLANG_WARN_BOOL_CONVERSION = YES;
				CLANG_WARN_COMMA = YES;
				CLANG_WARN_CONSTANT_CONVERSION = YES;
				CLANG_WARN_DEPRECATED_OBJC_IMPLEMENTATIONS = YES;
				CLANG_WARN_DIRECT_OBJC_ISA_USAGE = YES_ERROR;
				CLANG_WARN_DOCUMENTATION_COMMENTS = YES;
				CLANG_WARN_EMPTY_BODY = YES;
				CLANG_WARN_ENUM_CONVERSION = YES;
				CLANG_WARN_INFINITE_RECURSION = YES;
				CLANG_WARN_INT_CONVERSION = YES;
				CLANG_WARN_NON_LITERAL_NULL_CONVERSION = YES;
				CLANG_WARN_OBJC_IMPLICIT_RETAIN_SELF = YES;
				CLANG_WARN_OBJC_LITERAL_CONVERSION = YES;
				CLANG_WARN_OBJC_ROOT_CLASS = YES_ERROR;
				CLANG_WARN_QUOTED_INCLUDE_IN_FRAMEWORK_HEADER = YES;
				CLANG_WARN_RANGE_LOOP_ANALYSIS = YES;
				CLANG_WARN_STRICT_PROTOTYPES = YES;
				CLANG_WARN_SUSPICIOUS_MOVE = YES;
				CLANG_WARN_UNGUARDED_AVAILABILITY = YES_AGGRESSIVE;
				CLANG_WARN_UNREACHABLE_CODE = YES;
				CLANG_WARN__DUPLICATE_METHOD_MATCH = YES;
				COPY_PHASE_STRIP = NO;
				DEBUG_INFORMATION_FORMAT = dwarf;
				ENABLE_STRICT_OBJC_MSGSEND = YES;
				ENABLE_TESTABILITY = YES;
				GCC_C_LANGUAGE_STANDARD = gnu11;
				GCC_DYNAMIC_NO_PIC = NO;
				GCC_NO_COMMON_BLOCKS = YES;
				GCC_OPTIMIZATION_LEVEL = 0;
				GCC_PREPROCESSOR_DEFINITIONS = (
					"DEBUG=1",
					"$(inherited)",
				);
				GCC_WARN_64_TO_32_BIT_CONVERSION = YES;
				GCC_WARN_ABOUT_RETURN_TYPE = YES_ERROR;
				GCC_WARN_UNDECLARED_SELECTOR = YES;
				GCC_WARN_UNINITIALIZED_AUTOS = YES_AGGRESSIVE;
				GCC_WARN_UNUSED_FUNCTION = YES;
				GCC_WARN_UNUSED_VARIABLE = YES;
				IPHONEOS_DEPLOYMENT_TARGET = 14.0;
				MTL_ENABLE_DEBUG_INFO = INCLUDE_SOURCE;
				MTL_FAST_MATH = YES;
				ONLY_ACTIVE_ARCH = YES;
				SDKROOT = iphoneos;
				SWIFT_ACTIVE_COMPILATION_CONDITIONS = DEBUG;
				SWIFT_OPTIMIZATION_LEVEL = "-Onone";
			};
			name = Debug;
		};
		42DE586628005A7600D764F7 /* Release */ = {
			isa = XCBuildConfiguration;
			buildSettings = {
				ALWAYS_SEARCH_USER_PATHS = NO;
				CLANG_ANALYZER_NONNULL = YES;
				CLANG_ANALYZER_NUMBER_OBJECT_CONVERSION = YES_AGGRESSIVE;
				CLANG_CXX_LANGUAGE_STANDARD = "gnu++17";
				CLANG_ENABLE_MODULES = YES;
				CLANG_ENABLE_OBJC_ARC = YES;
				CLANG_ENABLE_OBJC_WEAK = YES;
				CLANG_WARN_BLOCK_CAPTURE_AUTORELEASING = YES;
				CLANG_WARN_BOOL_CONVERSION = YES;
				CLANG_WARN_COMMA = YES;
				CLANG_WARN_CONSTANT_CONVERSION = YES;
				CLANG_WARN_DEPRECATED_OBJC_IMPLEMENTATIONS = YES;
				CLANG_WARN_DIRECT_OBJC_ISA_USAGE = YES_ERROR;
				CLANG_WARN_DOCUMENTATION_COMMENTS = YES;
				CLANG_WARN_EMPTY_BODY = YES;
				CLANG_WARN_ENUM_CONVERSION = YES;
				CLANG_WARN_INFINITE_RECURSION = YES;
				CLANG_WARN_INT_CONVERSION = YES;
				CLANG_WARN_NON_LITERAL_NULL_CONVERSION = YES;
				CLANG_WARN_OBJC_IMPLICIT_RETAIN_SELF = YES;
				CLANG_WARN_OBJC_LITERAL_CONVERSION = YES;
				CLANG_WARN_OBJC_ROOT_CLASS = YES_ERROR;
				CLANG_WARN_QUOTED_INCLUDE_IN_FRAMEWORK_HEADER = YES;
				CLANG_WARN_RANGE_LOOP_ANALYSIS = YES;
				CLANG_WARN_STRICT_PROTOTYPES = YES;
				CLANG_WARN_SUSPICIOUS_MOVE = YES;
				CLANG_WARN_UNGUARDED_AVAILABILITY = YES_AGGRESSIVE;
				CLANG_WARN_UNREACHABLE_CODE = YES;
				CLANG_WARN__DUPLICATE_METHOD_MATCH = YES;
				COPY_PHASE_STRIP = NO;
				DEBUG_INFORMATION_FORMAT = "dwarf-with-dsym";
				ENABLE_NS_ASSERTIONS = NO;
				ENABLE_STRICT_OBJC_MSGSEND = YES;
				GCC_C_LANGUAGE_STANDARD = gnu11;
				GCC_NO_COMMON_BLOCKS = YES;
				GCC_WARN_64_TO_32_BIT_CONVERSION = YES;
				GCC_WARN_ABOUT_RETURN_TYPE = YES_ERROR;
				GCC_WARN_UNDECLARED_SELECTOR = YES;
				GCC_WARN_UNINITIALIZED_AUTOS = YES_AGGRESSIVE;
				GCC_WARN_UNUSED_FUNCTION = YES;
				GCC_WARN_UNUSED_VARIABLE = YES;
				IPHONEOS_DEPLOYMENT_TARGET = 14.0;
				MTL_ENABLE_DEBUG_INFO = NO;
				MTL_FAST_MATH = YES;
				SDKROOT = iphoneos;
				SWIFT_COMPILATION_MODE = wholemodule;
				SWIFT_OPTIMIZATION_LEVEL = "-O";
				VALIDATE_PRODUCT = YES;
			};
			name = Release;
		};
		42DE586828005A7600D764F7 /* Debug */ = {
			isa = XCBuildConfiguration;
			baseConfigurationReference = 345158E05412BAAE03BAF997 /* Pods-Project 2 AirNote.debug.xcconfig */;
			buildSettings = {
				ASSETCATALOG_COMPILER_APPICON_NAME = AppIcon;
				ASSETCATALOG_COMPILER_GLOBAL_ACCENT_COLOR_NAME = AccentColor;
				CODE_SIGN_ENTITLEMENTS = "Project 2 AirNote/Project 2 AirNote.entitlements";
				CODE_SIGN_STYLE = Automatic;
				CURRENT_PROJECT_VERSION = 1;
				DEBUG_INFORMATION_FORMAT = "dwarf-with-dsym";
				DEVELOPMENT_TEAM = 6S28UJ4A7B;
				GENERATE_INFOPLIST_FILE = YES;
				INFOPLIST_FILE = "Project 2 AirNote/Info.plist";
				INFOPLIST_KEY_NSCameraUsageDescription = "您的相片將被用於AirNote筆記 / 讀書會 頁面";
				INFOPLIST_KEY_NSLocationWhenInUseUsageDescription = "請允許AirNote取用您的位置資料，查看附近的地點";
				INFOPLIST_KEY_NSPhotoLibraryUsageDescription = "您的相片將被用於AirNote筆記 / 讀書會 頁面";
				INFOPLIST_KEY_UIApplicationSupportsIndirectInputEvents = YES;
				INFOPLIST_KEY_UILaunchStoryboardName = LaunchScreen;
				INFOPLIST_KEY_UIMainStoryboardFile = Main;
				INFOPLIST_KEY_UISupportedInterfaceOrientations_iPad = "UIInterfaceOrientationPortrait UIInterfaceOrientationPortraitUpsideDown UIInterfaceOrientationLandscapeLeft UIInterfaceOrientationLandscapeRight";
				INFOPLIST_KEY_UISupportedInterfaceOrientations_iPhone = UIInterfaceOrientationPortrait;
				INFOPLIST_KEY_UIUserInterfaceStyle = Light;
				IPHONEOS_DEPLOYMENT_TARGET = 14.0;
				LD_RUNPATH_SEARCH_PATHS = (
					"$(inherited)",
					"@executable_path/Frameworks",
				);
				MARKETING_VERSION = 1.0.1;
				PRODUCT_BUNDLE_IDENTIFIER = "com.ec.Project-2-AirNote";
				PRODUCT_NAME = AirNote;
				SWIFT_EMIT_LOC_STRINGS = YES;
				SWIFT_VERSION = 5.0;
				TARGETED_DEVICE_FAMILY = "1,2";
			};
			name = Debug;
		};
		42DE586928005A7600D764F7 /* Release */ = {
			isa = XCBuildConfiguration;
			baseConfigurationReference = ED980FE3A30D82DDD6B1C0C2 /* Pods-Project 2 AirNote.release.xcconfig */;
			buildSettings = {
				ASSETCATALOG_COMPILER_APPICON_NAME = AppIcon;
				ASSETCATALOG_COMPILER_GLOBAL_ACCENT_COLOR_NAME = AccentColor;
				CODE_SIGN_ENTITLEMENTS = "Project 2 AirNote/Project 2 AirNote.entitlements";
				CODE_SIGN_STYLE = Automatic;
				CURRENT_PROJECT_VERSION = 1;
				DEVELOPMENT_TEAM = 6S28UJ4A7B;
				GENERATE_INFOPLIST_FILE = YES;
				INFOPLIST_FILE = "Project 2 AirNote/Info.plist";
				INFOPLIST_KEY_NSCameraUsageDescription = "您的相片將被用於AirNote筆記 / 讀書會 頁面";
				INFOPLIST_KEY_NSLocationWhenInUseUsageDescription = "請允許AirNote取用您的位置資料，查看附近的地點";
				INFOPLIST_KEY_NSPhotoLibraryUsageDescription = "您的相片將被用於AirNote筆記 / 讀書會 頁面";
				INFOPLIST_KEY_UIApplicationSupportsIndirectInputEvents = YES;
				INFOPLIST_KEY_UILaunchStoryboardName = LaunchScreen;
				INFOPLIST_KEY_UIMainStoryboardFile = Main;
				INFOPLIST_KEY_UISupportedInterfaceOrientations_iPad = "UIInterfaceOrientationPortrait UIInterfaceOrientationPortraitUpsideDown UIInterfaceOrientationLandscapeLeft UIInterfaceOrientationLandscapeRight";
				INFOPLIST_KEY_UISupportedInterfaceOrientations_iPhone = UIInterfaceOrientationPortrait;
				INFOPLIST_KEY_UIUserInterfaceStyle = Light;
				IPHONEOS_DEPLOYMENT_TARGET = 14.0;
				LD_RUNPATH_SEARCH_PATHS = (
					"$(inherited)",
					"@executable_path/Frameworks",
				);
				MARKETING_VERSION = 1.0.1;
				PRODUCT_BUNDLE_IDENTIFIER = "com.ec.Project-2-AirNote";
				PRODUCT_NAME = AirNote;
				SWIFT_EMIT_LOC_STRINGS = YES;
				SWIFT_VERSION = 5.0;
				TARGETED_DEVICE_FAMILY = "1,2";
			};
			name = Release;
		};
/* End XCBuildConfiguration section */

/* Begin XCConfigurationList section */
		42DE584E28005A7200D764F7 /* Build configuration list for PBXProject "Project 2 AirNote" */ = {
			isa = XCConfigurationList;
			buildConfigurations = (
				42DE586528005A7600D764F7 /* Debug */,
				42DE586628005A7600D764F7 /* Release */,
			);
			defaultConfigurationIsVisible = 0;
			defaultConfigurationName = Release;
		};
		42DE586728005A7600D764F7 /* Build configuration list for PBXNativeTarget "Project 2 AirNote" */ = {
			isa = XCConfigurationList;
			buildConfigurations = (
				42DE586828005A7600D764F7 /* Debug */,
				42DE586928005A7600D764F7 /* Release */,
			);
			defaultConfigurationIsVisible = 0;
			defaultConfigurationName = Release;
		};
/* End XCConfigurationList section */
	};
	rootObject = 42DE584B28005A7200D764F7 /* Project object */;
}
